// !$*UTF8*$!
{
	archiveVersion = 1;
	classes = {
	};
	objectVersion = 50;
	objects = {

/* Begin PBXBuildFile section */
		0DDBB0B6C5FD763BC8332487 /* Pods_SharedTests.framework in Frameworks */ = {isa = PBXBuildFile; fileRef = 2A0A01FEF7F3D0909152690E /* Pods_SharedTests.framework */; };
		36BF6BACC20DBBCE87D1430A /* Pods_CRMobileChallengeTests.framework in Frameworks */ = {isa = PBXBuildFile; fileRef = C00958783BB05E2FED8D920B /* Pods_CRMobileChallengeTests.framework */; };
		7BA98464AD0463013269091D /* Pods_CRMobileChallenge.framework in Frameworks */ = {isa = PBXBuildFile; fileRef = 1781358C85DD414AEC2D6D4A /* Pods_CRMobileChallenge.framework */; };
		BAB1F056721A3D7BDA0F26C9 /* Pods_Shared.framework in Frameworks */ = {isa = PBXBuildFile; fileRef = 93B169148BE520CD8FC12793 /* Pods_Shared.framework */; };
		C2E0262596FACDAE5A2FF58A /* Pods_DomainTests.framework in Frameworks */ = {isa = PBXBuildFile; fileRef = FE1D9456F403FC2F748949FA /* Pods_DomainTests.framework */; };
		C383F38B425E41A8343E2FE1 /* Pods_Domain.framework in Frameworks */ = {isa = PBXBuildFile; fileRef = BDA263B11CBBDAE120C3CA50 /* Pods_Domain.framework */; };
		E1F2264F2215745800BEA577 /* AppDelegate.swift in Sources */ = {isa = PBXBuildFile; fileRef = E1F2264E2215745800BEA577 /* AppDelegate.swift */; };
		E1F226512215745800BEA577 /* ViewController.swift in Sources */ = {isa = PBXBuildFile; fileRef = E1F226502215745800BEA577 /* ViewController.swift */; };
		E1F226542215745800BEA577 /* Main.storyboard in Resources */ = {isa = PBXBuildFile; fileRef = E1F226522215745800BEA577 /* Main.storyboard */; };
		E1F226562215745900BEA577 /* Assets.xcassets in Resources */ = {isa = PBXBuildFile; fileRef = E1F226552215745900BEA577 /* Assets.xcassets */; };
		E1F226592215745900BEA577 /* LaunchScreen.storyboard in Resources */ = {isa = PBXBuildFile; fileRef = E1F226572215745900BEA577 /* LaunchScreen.storyboard */; };
		E1F226642215745A00BEA577 /* CRMobileChallengeTests.swift in Sources */ = {isa = PBXBuildFile; fileRef = E1F226632215745A00BEA577 /* CRMobileChallengeTests.swift */; };
		E1F226C12215760200BEA577 /* Domain.framework in Frameworks */ = {isa = PBXBuildFile; fileRef = E1F226B82215760200BEA577 /* Domain.framework */; };
		E1F226CA2215760200BEA577 /* Domain.h in Headers */ = {isa = PBXBuildFile; fileRef = E1F226BA2215760200BEA577 /* Domain.h */; settings = {ATTRIBUTES = (Public, ); }; };
		E1F226CD2215760200BEA577 /* Domain.framework in Frameworks */ = {isa = PBXBuildFile; fileRef = E1F226B82215760200BEA577 /* Domain.framework */; };
		E1F226CE2215760200BEA577 /* Domain.framework in Embed Frameworks */ = {isa = PBXBuildFile; fileRef = E1F226B82215760200BEA577 /* Domain.framework */; settings = {ATTRIBUTES = (CodeSignOnCopy, RemoveHeadersOnCopy, ); }; };
		E1F226E32215760A00BEA577 /* Shared.framework in Frameworks */ = {isa = PBXBuildFile; fileRef = E1F226DA2215760900BEA577 /* Shared.framework */; };
		E1F226EA2215760A00BEA577 /* SharedTests.swift in Sources */ = {isa = PBXBuildFile; fileRef = E1F226E92215760A00BEA577 /* SharedTests.swift */; };
		E1F226EC2215760A00BEA577 /* Shared.h in Headers */ = {isa = PBXBuildFile; fileRef = E1F226DC2215760900BEA577 /* Shared.h */; settings = {ATTRIBUTES = (Public, ); }; };
		E1F226EF2215760A00BEA577 /* Shared.framework in Frameworks */ = {isa = PBXBuildFile; fileRef = E1F226DA2215760900BEA577 /* Shared.framework */; };
		E1F226F02215760A00BEA577 /* Shared.framework in Embed Frameworks */ = {isa = PBXBuildFile; fileRef = E1F226DA2215760900BEA577 /* Shared.framework */; settings = {ATTRIBUTES = (CodeSignOnCopy, RemoveHeadersOnCopy, ); }; };
		E1F226F82215764800BEA577 /* Planejamento.rtf in Resources */ = {isa = PBXBuildFile; fileRef = E1F226F72215764800BEA577 /* Planejamento.rtf */; };
		E1F226FB2216AB4700BEA577 /* Game.swift in Sources */ = {isa = PBXBuildFile; fileRef = E1F226FA2216AB4700BEA577 /* Game.swift */; };
		E1F226FD2216ABB500BEA577 /* Entitiy.swift in Sources */ = {isa = PBXBuildFile; fileRef = E1F226FC2216ABB500BEA577 /* Entitiy.swift */; };
		E1F226FF2216AEA200BEA577 /* Address.swift in Sources */ = {isa = PBXBuildFile; fileRef = E1F226FE2216AEA200BEA577 /* Address.swift */; };
		E1F227012216AFFA00BEA577 /* CreditCard.swift in Sources */ = {isa = PBXBuildFile; fileRef = E1F227002216AFFA00BEA577 /* CreditCard.swift */; };
		E1F227042216B05F00BEA577 /* CreditCardFlag.swift in Sources */ = {isa = PBXBuildFile; fileRef = E1F227032216B05F00BEA577 /* CreditCardFlag.swift */; };
		E1F227062216B15400BEA577 /* PaymentType.swift in Sources */ = {isa = PBXBuildFile; fileRef = E1F227052216B15400BEA577 /* PaymentType.swift */; };
		E1F2270A2216B28A00BEA577 /* Order.swift in Sources */ = {isa = PBXBuildFile; fileRef = E1F227092216B28A00BEA577 /* Order.swift */; };
		E1F2270F2216B60D00BEA577 /* OrderItem.swift in Sources */ = {isa = PBXBuildFile; fileRef = E1F2270E2216B60D00BEA577 /* OrderItem.swift */; };
		E1F227122216BEA800BEA577 /* Double+Formatter.swift in Sources */ = {isa = PBXBuildFile; fileRef = E1F227112216BEA800BEA577 /* Double+Formatter.swift */; };
		E1F227162216C44900BEA577 /* OrderTests.swift in Sources */ = {isa = PBXBuildFile; fileRef = E1F227152216C44900BEA577 /* OrderTests.swift */; };
		E1F227182216CDBE00BEA577 /* OrderItemTests.swift in Sources */ = {isa = PBXBuildFile; fileRef = E1F227172216CDBE00BEA577 /* OrderItemTests.swift */; };
		E1F2271D2217754D00BEA577 /* AddressTests.swift in Sources */ = {isa = PBXBuildFile; fileRef = E1F2271C2217754D00BEA577 /* AddressTests.swift */; };
		E1F2272122178A8000BEA577 /* Assets.xcassets in Resources */ = {isa = PBXBuildFile; fileRef = E1F2272022178A8000BEA577 /* Assets.xcassets */; };
		E1F2272822178ADD00BEA577 /* CreditCardFlag.swift in Sources */ = {isa = PBXBuildFile; fileRef = E1F227032216B05F00BEA577 /* CreditCardFlag.swift */; };
		E1F2272A22178C6C00BEA577 /* String+Regex.swift in Sources */ = {isa = PBXBuildFile; fileRef = E1F2272922178C6C00BEA577 /* String+Regex.swift */; };
		E1F2272C22178FB300BEA577 /* CreditCardTests.swift in Sources */ = {isa = PBXBuildFile; fileRef = E1F2272B22178FB300BEA577 /* CreditCardTests.swift */; };
		E1F2272E221799F800BEA577 /* String+Substring.swift in Sources */ = {isa = PBXBuildFile; fileRef = E1F2272D221799F800BEA577 /* String+Substring.swift */; };
		E1F227342218268C00BEA577 /* EndPointType.swift in Sources */ = {isa = PBXBuildFile; fileRef = E1F227332218268C00BEA577 /* EndPointType.swift */; };
		E1F227372218277A00BEA577 /* HTTPMethod.swift in Sources */ = {isa = PBXBuildFile; fileRef = E1F227362218277A00BEA577 /* HTTPMethod.swift */; };
		E1F2273A2218282600BEA577 /* HTTPTask.swift in Sources */ = {isa = PBXBuildFile; fileRef = E1F227392218282600BEA577 /* HTTPTask.swift */; };
		E1F2273D221829FD00BEA577 /* ParameterEncoding.swift in Sources */ = {isa = PBXBuildFile; fileRef = E1F2273C221829FD00BEA577 /* ParameterEncoding.swift */; };
		E1F2273F22182B5F00BEA577 /* URLParameterEncoder.swift in Sources */ = {isa = PBXBuildFile; fileRef = E1F2273E22182B5F00BEA577 /* URLParameterEncoder.swift */; };
		E1F2274122182BB300BEA577 /* NetworkError.swift in Sources */ = {isa = PBXBuildFile; fileRef = E1F2274022182BB300BEA577 /* NetworkError.swift */; };
		E1F2274322182C2F00BEA577 /* JSONParameterEncoder.swift in Sources */ = {isa = PBXBuildFile; fileRef = E1F2274222182C2F00BEA577 /* JSONParameterEncoder.swift */; };
		E1F2274522182F0800BEA577 /* NetworkLogger.swift in Sources */ = {isa = PBXBuildFile; fileRef = E1F2274422182F0800BEA577 /* NetworkLogger.swift */; };
		E1F2274722182F6B00BEA577 /* Router.swift in Sources */ = {isa = PBXBuildFile; fileRef = E1F2274622182F6B00BEA577 /* Router.swift */; };
		E1F2274D2219819100BEA577 /* NetworkEnvironment.swift in Sources */ = {isa = PBXBuildFile; fileRef = E1F2274C2219819100BEA577 /* NetworkEnvironment.swift */; };
		E1F22751221983C100BEA577 /* Result.swift in Sources */ = {isa = PBXBuildFile; fileRef = E1F22750221983C100BEA577 /* Result.swift */; };
		E1F227542219849900BEA577 /* NetworkManager.swift in Sources */ = {isa = PBXBuildFile; fileRef = E1F227532219849900BEA577 /* NetworkManager.swift */; };
		E1F227562219850E00BEA577 /* NetworkRouter.swift in Sources */ = {isa = PBXBuildFile; fileRef = E1F227552219850E00BEA577 /* NetworkRouter.swift */; };
		E1F227592219886700BEA577 /* GameAPI.swift in Sources */ = {isa = PBXBuildFile; fileRef = E1F227582219886700BEA577 /* GameAPI.swift */; };
		E1F2275F221A05C400BEA577 /* NetworkErrorResponse.swift in Sources */ = {isa = PBXBuildFile; fileRef = E1F2275E221A05C400BEA577 /* NetworkErrorResponse.swift */; };
		E1F22761221A3F3E00BEA577 /* GameRepositoryProtocol.swift in Sources */ = {isa = PBXBuildFile; fileRef = E1F22760221A3F3E00BEA577 /* GameRepositoryProtocol.swift */; };
		E1F22763221A3FAD00BEA577 /* ShippingRepositoryProocol.swift in Sources */ = {isa = PBXBuildFile; fileRef = E1F22762221A3FAD00BEA577 /* ShippingRepositoryProocol.swift */; };
		E1F22765221A40C700BEA577 /* GameRepository.swift in Sources */ = {isa = PBXBuildFile; fileRef = E1F22764221A40C700BEA577 /* GameRepository.swift */; };
		E1F22769221A415300BEA577 /* BaseRepository.swift in Sources */ = {isa = PBXBuildFile; fileRef = E1F22768221A415300BEA577 /* BaseRepository.swift */; };
		E1F2276B221A430B00BEA577 /* ShippingRepository.swift in Sources */ = {isa = PBXBuildFile; fileRef = E1F2276A221A430B00BEA577 /* ShippingRepository.swift */; };
		E1F2276D221A45BD00BEA577 /* RepositoryProtocol.swift in Sources */ = {isa = PBXBuildFile; fileRef = E1F2276C221A45BD00BEA577 /* RepositoryProtocol.swift */; };
/* End PBXBuildFile section */

/* Begin PBXContainerItemProxy section */
		E1F226602215745900BEA577 /* PBXContainerItemProxy */ = {
			isa = PBXContainerItemProxy;
			containerPortal = E1F226432215745800BEA577 /* Project object */;
			proxyType = 1;
			remoteGlobalIDString = E1F2264A2215745800BEA577;
			remoteInfo = CRMobileChallenge;
		};
		E1F226C22215760200BEA577 /* PBXContainerItemProxy */ = {
			isa = PBXContainerItemProxy;
			containerPortal = E1F226432215745800BEA577 /* Project object */;
			proxyType = 1;
			remoteGlobalIDString = E1F226B72215760200BEA577;
			remoteInfo = Domain;
		};
		E1F226C42215760200BEA577 /* PBXContainerItemProxy */ = {
			isa = PBXContainerItemProxy;
			containerPortal = E1F226432215745800BEA577 /* Project object */;
			proxyType = 1;
			remoteGlobalIDString = E1F2264A2215745800BEA577;
			remoteInfo = CRMobileChallenge;
		};
		E1F226CB2215760200BEA577 /* PBXContainerItemProxy */ = {
			isa = PBXContainerItemProxy;
			containerPortal = E1F226432215745800BEA577 /* Project object */;
			proxyType = 1;
			remoteGlobalIDString = E1F226B72215760200BEA577;
			remoteInfo = Domain;
		};
		E1F226E42215760A00BEA577 /* PBXContainerItemProxy */ = {
			isa = PBXContainerItemProxy;
			containerPortal = E1F226432215745800BEA577 /* Project object */;
			proxyType = 1;
			remoteGlobalIDString = E1F226D92215760900BEA577;
			remoteInfo = Shared;
		};
		E1F226E62215760A00BEA577 /* PBXContainerItemProxy */ = {
			isa = PBXContainerItemProxy;
			containerPortal = E1F226432215745800BEA577 /* Project object */;
			proxyType = 1;
			remoteGlobalIDString = E1F2264A2215745800BEA577;
			remoteInfo = CRMobileChallenge;
		};
		E1F226ED2215760A00BEA577 /* PBXContainerItemProxy */ = {
			isa = PBXContainerItemProxy;
			containerPortal = E1F226432215745800BEA577 /* Project object */;
			proxyType = 1;
			remoteGlobalIDString = E1F226D92215760900BEA577;
			remoteInfo = Shared;
		};
/* End PBXContainerItemProxy section */

/* Begin PBXCopyFilesBuildPhase section */
		E1F2268D221574A600BEA577 /* Embed Frameworks */ = {
			isa = PBXCopyFilesBuildPhase;
			buildActionMask = 2147483647;
			dstPath = "";
			dstSubfolderSpec = 10;
			files = (
				E1F226CE2215760200BEA577 /* Domain.framework in Embed Frameworks */,
				E1F226F02215760A00BEA577 /* Shared.framework in Embed Frameworks */,
			);
			name = "Embed Frameworks";
			runOnlyForDeploymentPostprocessing = 0;
		};
/* End PBXCopyFilesBuildPhase section */

/* Begin PBXFileReference section */
		0769B12FF9FF3644F2FFB431 /* Pods-Domain.debug.xcconfig */ = {isa = PBXFileReference; includeInIndex = 1; lastKnownFileType = text.xcconfig; name = "Pods-Domain.debug.xcconfig"; path = "Target Support Files/Pods-Domain/Pods-Domain.debug.xcconfig"; sourceTree = "<group>"; };
		1378105FFAEC2AC09AF70F58 /* Pods-SharedTests.debug.xcconfig */ = {isa = PBXFileReference; includeInIndex = 1; lastKnownFileType = text.xcconfig; name = "Pods-SharedTests.debug.xcconfig"; path = "Target Support Files/Pods-SharedTests/Pods-SharedTests.debug.xcconfig"; sourceTree = "<group>"; };
		1781358C85DD414AEC2D6D4A /* Pods_CRMobileChallenge.framework */ = {isa = PBXFileReference; explicitFileType = wrapper.framework; includeInIndex = 0; path = Pods_CRMobileChallenge.framework; sourceTree = BUILT_PRODUCTS_DIR; };
		2A0A01FEF7F3D0909152690E /* Pods_SharedTests.framework */ = {isa = PBXFileReference; explicitFileType = wrapper.framework; includeInIndex = 0; path = Pods_SharedTests.framework; sourceTree = BUILT_PRODUCTS_DIR; };
		33B281E4D2229AB9C81F57EF /* Pods-CRMobileChallengeTests.release.xcconfig */ = {isa = PBXFileReference; includeInIndex = 1; lastKnownFileType = text.xcconfig; name = "Pods-CRMobileChallengeTests.release.xcconfig"; path = "Target Support Files/Pods-CRMobileChallengeTests/Pods-CRMobileChallengeTests.release.xcconfig"; sourceTree = "<group>"; };
		46677AE514E9D6564B067903 /* Pods-DomainTests.release.xcconfig */ = {isa = PBXFileReference; includeInIndex = 1; lastKnownFileType = text.xcconfig; name = "Pods-DomainTests.release.xcconfig"; path = "Target Support Files/Pods-DomainTests/Pods-DomainTests.release.xcconfig"; sourceTree = "<group>"; };
		555E8167B34A8B39590CACC3 /* Pods-Domain.release.xcconfig */ = {isa = PBXFileReference; includeInIndex = 1; lastKnownFileType = text.xcconfig; name = "Pods-Domain.release.xcconfig"; path = "Target Support Files/Pods-Domain/Pods-Domain.release.xcconfig"; sourceTree = "<group>"; };
		6D8B0CD1D16480631A406BCC /* Pods-CRMobileChallenge.debug.xcconfig */ = {isa = PBXFileReference; includeInIndex = 1; lastKnownFileType = text.xcconfig; name = "Pods-CRMobileChallenge.debug.xcconfig"; path = "Target Support Files/Pods-CRMobileChallenge/Pods-CRMobileChallenge.debug.xcconfig"; sourceTree = "<group>"; };
		823BC4ADA926A5CD2DB55B14 /* Pods-Shared.release.xcconfig */ = {isa = PBXFileReference; includeInIndex = 1; lastKnownFileType = text.xcconfig; name = "Pods-Shared.release.xcconfig"; path = "Target Support Files/Pods-Shared/Pods-Shared.release.xcconfig"; sourceTree = "<group>"; };
		8375868B7B67C76ADDF591FB /* Pods-CRMobileChallenge.release.xcconfig */ = {isa = PBXFileReference; includeInIndex = 1; lastKnownFileType = text.xcconfig; name = "Pods-CRMobileChallenge.release.xcconfig"; path = "Target Support Files/Pods-CRMobileChallenge/Pods-CRMobileChallenge.release.xcconfig"; sourceTree = "<group>"; };
		868338AB3887819FF61BAE9B /* Pods-CRMobileChallengeTests.debug.xcconfig */ = {isa = PBXFileReference; includeInIndex = 1; lastKnownFileType = text.xcconfig; name = "Pods-CRMobileChallengeTests.debug.xcconfig"; path = "Target Support Files/Pods-CRMobileChallengeTests/Pods-CRMobileChallengeTests.debug.xcconfig"; sourceTree = "<group>"; };
		93B169148BE520CD8FC12793 /* Pods_Shared.framework */ = {isa = PBXFileReference; explicitFileType = wrapper.framework; includeInIndex = 0; path = Pods_Shared.framework; sourceTree = BUILT_PRODUCTS_DIR; };
		BDA263B11CBBDAE120C3CA50 /* Pods_Domain.framework */ = {isa = PBXFileReference; explicitFileType = wrapper.framework; includeInIndex = 0; path = Pods_Domain.framework; sourceTree = BUILT_PRODUCTS_DIR; };
		BDA9AC1879D1C428D1894B0C /* Pods-DomainTests.debug.xcconfig */ = {isa = PBXFileReference; includeInIndex = 1; lastKnownFileType = text.xcconfig; name = "Pods-DomainTests.debug.xcconfig"; path = "Target Support Files/Pods-DomainTests/Pods-DomainTests.debug.xcconfig"; sourceTree = "<group>"; };
		C00958783BB05E2FED8D920B /* Pods_CRMobileChallengeTests.framework */ = {isa = PBXFileReference; explicitFileType = wrapper.framework; includeInIndex = 0; path = Pods_CRMobileChallengeTests.framework; sourceTree = BUILT_PRODUCTS_DIR; };
		C4D562462314439B70861642 /* Pods-SharedTests.release.xcconfig */ = {isa = PBXFileReference; includeInIndex = 1; lastKnownFileType = text.xcconfig; name = "Pods-SharedTests.release.xcconfig"; path = "Target Support Files/Pods-SharedTests/Pods-SharedTests.release.xcconfig"; sourceTree = "<group>"; };
		E1F2264B2215745800BEA577 /* CRMobileChallenge.app */ = {isa = PBXFileReference; explicitFileType = wrapper.application; includeInIndex = 0; path = CRMobileChallenge.app; sourceTree = BUILT_PRODUCTS_DIR; };
		E1F2264E2215745800BEA577 /* AppDelegate.swift */ = {isa = PBXFileReference; lastKnownFileType = sourcecode.swift; path = AppDelegate.swift; sourceTree = "<group>"; };
		E1F226502215745800BEA577 /* ViewController.swift */ = {isa = PBXFileReference; lastKnownFileType = sourcecode.swift; path = ViewController.swift; sourceTree = "<group>"; };
		E1F226532215745800BEA577 /* Base */ = {isa = PBXFileReference; lastKnownFileType = file.storyboard; name = Base; path = Base.lproj/Main.storyboard; sourceTree = "<group>"; };
		E1F226552215745900BEA577 /* Assets.xcassets */ = {isa = PBXFileReference; lastKnownFileType = folder.assetcatalog; path = Assets.xcassets; sourceTree = "<group>"; };
		E1F226582215745900BEA577 /* Base */ = {isa = PBXFileReference; lastKnownFileType = file.storyboard; name = Base; path = Base.lproj/LaunchScreen.storyboard; sourceTree = "<group>"; };
		E1F2265A2215745900BEA577 /* Info.plist */ = {isa = PBXFileReference; lastKnownFileType = text.plist.xml; path = Info.plist; sourceTree = "<group>"; };
		E1F2265F2215745900BEA577 /* CRMobileChallengeTests.xctest */ = {isa = PBXFileReference; explicitFileType = wrapper.cfbundle; includeInIndex = 0; path = CRMobileChallengeTests.xctest; sourceTree = BUILT_PRODUCTS_DIR; };
		E1F226632215745A00BEA577 /* CRMobileChallengeTests.swift */ = {isa = PBXFileReference; lastKnownFileType = sourcecode.swift; path = CRMobileChallengeTests.swift; sourceTree = "<group>"; };
		E1F226652215745A00BEA577 /* Info.plist */ = {isa = PBXFileReference; lastKnownFileType = text.plist.xml; path = Info.plist; sourceTree = "<group>"; };
		E1F226B82215760200BEA577 /* Domain.framework */ = {isa = PBXFileReference; explicitFileType = wrapper.framework; includeInIndex = 0; path = Domain.framework; sourceTree = BUILT_PRODUCTS_DIR; };
		E1F226BA2215760200BEA577 /* Domain.h */ = {isa = PBXFileReference; lastKnownFileType = sourcecode.c.h; path = Domain.h; sourceTree = "<group>"; };
		E1F226BB2215760200BEA577 /* Info.plist */ = {isa = PBXFileReference; lastKnownFileType = text.plist.xml; path = Info.plist; sourceTree = "<group>"; };
		E1F226C02215760200BEA577 /* DomainTests.xctest */ = {isa = PBXFileReference; explicitFileType = wrapper.cfbundle; includeInIndex = 0; path = DomainTests.xctest; sourceTree = BUILT_PRODUCTS_DIR; };
		E1F226C92215760200BEA577 /* Info.plist */ = {isa = PBXFileReference; lastKnownFileType = text.plist.xml; path = Info.plist; sourceTree = "<group>"; };
		E1F226DA2215760900BEA577 /* Shared.framework */ = {isa = PBXFileReference; explicitFileType = wrapper.framework; includeInIndex = 0; path = Shared.framework; sourceTree = BUILT_PRODUCTS_DIR; };
		E1F226DC2215760900BEA577 /* Shared.h */ = {isa = PBXFileReference; lastKnownFileType = sourcecode.c.h; path = Shared.h; sourceTree = "<group>"; };
		E1F226DD2215760900BEA577 /* Info.plist */ = {isa = PBXFileReference; lastKnownFileType = text.plist.xml; path = Info.plist; sourceTree = "<group>"; };
		E1F226E22215760900BEA577 /* SharedTests.xctest */ = {isa = PBXFileReference; explicitFileType = wrapper.cfbundle; includeInIndex = 0; path = SharedTests.xctest; sourceTree = BUILT_PRODUCTS_DIR; };
		E1F226E92215760A00BEA577 /* SharedTests.swift */ = {isa = PBXFileReference; lastKnownFileType = sourcecode.swift; path = SharedTests.swift; sourceTree = "<group>"; };
		E1F226EB2215760A00BEA577 /* Info.plist */ = {isa = PBXFileReference; lastKnownFileType = text.plist.xml; path = Info.plist; sourceTree = "<group>"; };
		E1F226F72215764800BEA577 /* Planejamento.rtf */ = {isa = PBXFileReference; lastKnownFileType = text.rtf; path = Planejamento.rtf; sourceTree = "<group>"; };
		E1F226FA2216AB4700BEA577 /* Game.swift */ = {isa = PBXFileReference; lastKnownFileType = sourcecode.swift; path = Game.swift; sourceTree = "<group>"; };
		E1F226FC2216ABB500BEA577 /* Entitiy.swift */ = {isa = PBXFileReference; lastKnownFileType = sourcecode.swift; path = Entitiy.swift; sourceTree = "<group>"; };
		E1F226FE2216AEA200BEA577 /* Address.swift */ = {isa = PBXFileReference; lastKnownFileType = sourcecode.swift; path = Address.swift; sourceTree = "<group>"; };
		E1F227002216AFFA00BEA577 /* CreditCard.swift */ = {isa = PBXFileReference; lastKnownFileType = sourcecode.swift; path = CreditCard.swift; sourceTree = "<group>"; };
		E1F227032216B05F00BEA577 /* CreditCardFlag.swift */ = {isa = PBXFileReference; lastKnownFileType = sourcecode.swift; path = CreditCardFlag.swift; sourceTree = "<group>"; };
		E1F227052216B15400BEA577 /* PaymentType.swift */ = {isa = PBXFileReference; lastKnownFileType = sourcecode.swift; path = PaymentType.swift; sourceTree = "<group>"; };
		E1F227092216B28A00BEA577 /* Order.swift */ = {isa = PBXFileReference; lastKnownFileType = sourcecode.swift; path = Order.swift; sourceTree = "<group>"; };
		E1F2270E2216B60D00BEA577 /* OrderItem.swift */ = {isa = PBXFileReference; lastKnownFileType = sourcecode.swift; path = OrderItem.swift; sourceTree = "<group>"; };
		E1F227112216BEA800BEA577 /* Double+Formatter.swift */ = {isa = PBXFileReference; lastKnownFileType = sourcecode.swift; path = "Double+Formatter.swift"; sourceTree = "<group>"; };
		E1F227152216C44900BEA577 /* OrderTests.swift */ = {isa = PBXFileReference; lastKnownFileType = sourcecode.swift; path = OrderTests.swift; sourceTree = "<group>"; };
		E1F227172216CDBE00BEA577 /* OrderItemTests.swift */ = {isa = PBXFileReference; lastKnownFileType = sourcecode.swift; path = OrderItemTests.swift; sourceTree = "<group>"; };
		E1F2271C2217754D00BEA577 /* AddressTests.swift */ = {isa = PBXFileReference; lastKnownFileType = sourcecode.swift; path = AddressTests.swift; sourceTree = "<group>"; };
		E1F2272022178A8000BEA577 /* Assets.xcassets */ = {isa = PBXFileReference; lastKnownFileType = folder.assetcatalog; path = Assets.xcassets; sourceTree = "<group>"; };
		E1F2272922178C6C00BEA577 /* String+Regex.swift */ = {isa = PBXFileReference; lastKnownFileType = sourcecode.swift; path = "String+Regex.swift"; sourceTree = "<group>"; };
		E1F2272B22178FB300BEA577 /* CreditCardTests.swift */ = {isa = PBXFileReference; lastKnownFileType = sourcecode.swift; path = CreditCardTests.swift; sourceTree = "<group>"; };
		E1F2272D221799F800BEA577 /* String+Substring.swift */ = {isa = PBXFileReference; lastKnownFileType = sourcecode.swift; path = "String+Substring.swift"; sourceTree = "<group>"; };
		E1F227332218268C00BEA577 /* EndPointType.swift */ = {isa = PBXFileReference; lastKnownFileType = sourcecode.swift; path = EndPointType.swift; sourceTree = "<group>"; };
		E1F227362218277A00BEA577 /* HTTPMethod.swift */ = {isa = PBXFileReference; lastKnownFileType = sourcecode.swift; path = HTTPMethod.swift; sourceTree = "<group>"; };
		E1F227392218282600BEA577 /* HTTPTask.swift */ = {isa = PBXFileReference; lastKnownFileType = sourcecode.swift; path = HTTPTask.swift; sourceTree = "<group>"; };
		E1F2273C221829FD00BEA577 /* ParameterEncoding.swift */ = {isa = PBXFileReference; lastKnownFileType = sourcecode.swift; path = ParameterEncoding.swift; sourceTree = "<group>"; };
		E1F2273E22182B5F00BEA577 /* URLParameterEncoder.swift */ = {isa = PBXFileReference; lastKnownFileType = sourcecode.swift; path = URLParameterEncoder.swift; sourceTree = "<group>"; };
		E1F2274022182BB300BEA577 /* NetworkError.swift */ = {isa = PBXFileReference; lastKnownFileType = sourcecode.swift; path = NetworkError.swift; sourceTree = "<group>"; };
		E1F2274222182C2F00BEA577 /* JSONParameterEncoder.swift */ = {isa = PBXFileReference; lastKnownFileType = sourcecode.swift; path = JSONParameterEncoder.swift; sourceTree = "<group>"; };
		E1F2274422182F0800BEA577 /* NetworkLogger.swift */ = {isa = PBXFileReference; lastKnownFileType = sourcecode.swift; path = NetworkLogger.swift; sourceTree = "<group>"; };
		E1F2274622182F6B00BEA577 /* Router.swift */ = {isa = PBXFileReference; lastKnownFileType = sourcecode.swift; path = Router.swift; sourceTree = "<group>"; };
		E1F2274C2219819100BEA577 /* NetworkEnvironment.swift */ = {isa = PBXFileReference; lastKnownFileType = sourcecode.swift; path = NetworkEnvironment.swift; sourceTree = "<group>"; };
		E1F22750221983C100BEA577 /* Result.swift */ = {isa = PBXFileReference; lastKnownFileType = sourcecode.swift; path = Result.swift; sourceTree = "<group>"; };
		E1F227532219849900BEA577 /* NetworkManager.swift */ = {isa = PBXFileReference; lastKnownFileType = sourcecode.swift; path = NetworkManager.swift; sourceTree = "<group>"; };
		E1F227552219850E00BEA577 /* NetworkRouter.swift */ = {isa = PBXFileReference; lastKnownFileType = sourcecode.swift; path = NetworkRouter.swift; sourceTree = "<group>"; };
		E1F227582219886700BEA577 /* GameAPI.swift */ = {isa = PBXFileReference; lastKnownFileType = sourcecode.swift; path = GameAPI.swift; sourceTree = "<group>"; };
		E1F2275E221A05C400BEA577 /* NetworkErrorResponse.swift */ = {isa = PBXFileReference; lastKnownFileType = sourcecode.swift; path = NetworkErrorResponse.swift; sourceTree = "<group>"; };
		E1F22760221A3F3E00BEA577 /* GameRepositoryProtocol.swift */ = {isa = PBXFileReference; lastKnownFileType = sourcecode.swift; path = GameRepositoryProtocol.swift; sourceTree = "<group>"; };
		E1F22762221A3FAD00BEA577 /* ShippingRepositoryProocol.swift */ = {isa = PBXFileReference; lastKnownFileType = sourcecode.swift; path = ShippingRepositoryProocol.swift; sourceTree = "<group>"; };
		E1F22764221A40C700BEA577 /* GameRepository.swift */ = {isa = PBXFileReference; lastKnownFileType = sourcecode.swift; path = GameRepository.swift; sourceTree = "<group>"; };
		E1F22768221A415300BEA577 /* BaseRepository.swift */ = {isa = PBXFileReference; lastKnownFileType = sourcecode.swift; path = BaseRepository.swift; sourceTree = "<group>"; };
		E1F2276A221A430B00BEA577 /* ShippingRepository.swift */ = {isa = PBXFileReference; lastKnownFileType = sourcecode.swift; path = ShippingRepository.swift; sourceTree = "<group>"; };
		E1F2276C221A45BD00BEA577 /* RepositoryProtocol.swift */ = {isa = PBXFileReference; lastKnownFileType = sourcecode.swift; path = RepositoryProtocol.swift; sourceTree = "<group>"; };
		F0EDCBC018B94C40C1EC64BB /* Pods-Shared.debug.xcconfig */ = {isa = PBXFileReference; includeInIndex = 1; lastKnownFileType = text.xcconfig; name = "Pods-Shared.debug.xcconfig"; path = "Target Support Files/Pods-Shared/Pods-Shared.debug.xcconfig"; sourceTree = "<group>"; };
		FE1D9456F403FC2F748949FA /* Pods_DomainTests.framework */ = {isa = PBXFileReference; explicitFileType = wrapper.framework; includeInIndex = 0; path = Pods_DomainTests.framework; sourceTree = BUILT_PRODUCTS_DIR; };
/* End PBXFileReference section */

/* Begin PBXFrameworksBuildPhase section */
		E1F226482215745800BEA577 /* Frameworks */ = {
			isa = PBXFrameworksBuildPhase;
			buildActionMask = 2147483647;
			files = (
				E1F226CD2215760200BEA577 /* Domain.framework in Frameworks */,
				E1F226EF2215760A00BEA577 /* Shared.framework in Frameworks */,
				7BA98464AD0463013269091D /* Pods_CRMobileChallenge.framework in Frameworks */,
			);
			runOnlyForDeploymentPostprocessing = 0;
		};
		E1F2265C2215745900BEA577 /* Frameworks */ = {
			isa = PBXFrameworksBuildPhase;
			buildActionMask = 2147483647;
			files = (
				36BF6BACC20DBBCE87D1430A /* Pods_CRMobileChallengeTests.framework in Frameworks */,
			);
			runOnlyForDeploymentPostprocessing = 0;
		};
		E1F226B52215760200BEA577 /* Frameworks */ = {
			isa = PBXFrameworksBuildPhase;
			buildActionMask = 2147483647;
			files = (
				C383F38B425E41A8343E2FE1 /* Pods_Domain.framework in Frameworks */,
			);
			runOnlyForDeploymentPostprocessing = 0;
		};
		E1F226BD2215760200BEA577 /* Frameworks */ = {
			isa = PBXFrameworksBuildPhase;
			buildActionMask = 2147483647;
			files = (
				E1F226C12215760200BEA577 /* Domain.framework in Frameworks */,
				C2E0262596FACDAE5A2FF58A /* Pods_DomainTests.framework in Frameworks */,
			);
			runOnlyForDeploymentPostprocessing = 0;
		};
		E1F226D72215760900BEA577 /* Frameworks */ = {
			isa = PBXFrameworksBuildPhase;
			buildActionMask = 2147483647;
			files = (
				BAB1F056721A3D7BDA0F26C9 /* Pods_Shared.framework in Frameworks */,
			);
			runOnlyForDeploymentPostprocessing = 0;
		};
		E1F226DF2215760900BEA577 /* Frameworks */ = {
			isa = PBXFrameworksBuildPhase;
			buildActionMask = 2147483647;
			files = (
				E1F226E32215760A00BEA577 /* Shared.framework in Frameworks */,
				0DDBB0B6C5FD763BC8332487 /* Pods_SharedTests.framework in Frameworks */,
			);
			runOnlyForDeploymentPostprocessing = 0;
		};
/* End PBXFrameworksBuildPhase section */

/* Begin PBXGroup section */
		0ACE95C8F2D5098F09AAAC1B /* Frameworks */ = {
			isa = PBXGroup;
			children = (
				1781358C85DD414AEC2D6D4A /* Pods_CRMobileChallenge.framework */,
				C00958783BB05E2FED8D920B /* Pods_CRMobileChallengeTests.framework */,
				BDA263B11CBBDAE120C3CA50 /* Pods_Domain.framework */,
				FE1D9456F403FC2F748949FA /* Pods_DomainTests.framework */,
				93B169148BE520CD8FC12793 /* Pods_Shared.framework */,
				2A0A01FEF7F3D0909152690E /* Pods_SharedTests.framework */,
			);
			name = Frameworks;
			sourceTree = "<group>";
		};
		E1F226422215745800BEA577 = {
			isa = PBXGroup;
			children = (
				E1F226F72215764800BEA577 /* Planejamento.rtf */,
				E1F2264D2215745800BEA577 /* CRMobileChallenge */,
				E1F226622215745900BEA577 /* CRMobileChallengeTests */,
				E1F226B92215760200BEA577 /* Domain */,
				E1F226C62215760200BEA577 /* DomainTests */,
				E1F226DB2215760900BEA577 /* Shared */,
				E1F226E82215760A00BEA577 /* SharedTests */,
				E1F2264C2215745800BEA577 /* Products */,
				FCA6E46EA341924F4D54401B /* Pods */,
				0ACE95C8F2D5098F09AAAC1B /* Frameworks */,
			);
			sourceTree = "<group>";
		};
		E1F2264C2215745800BEA577 /* Products */ = {
			isa = PBXGroup;
			children = (
				E1F2264B2215745800BEA577 /* CRMobileChallenge.app */,
				E1F2265F2215745900BEA577 /* CRMobileChallengeTests.xctest */,
				E1F226B82215760200BEA577 /* Domain.framework */,
				E1F226C02215760200BEA577 /* DomainTests.xctest */,
				E1F226DA2215760900BEA577 /* Shared.framework */,
				E1F226E22215760900BEA577 /* SharedTests.xctest */,
			);
			name = Products;
			sourceTree = "<group>";
		};
		E1F2264D2215745800BEA577 /* CRMobileChallenge */ = {
			isa = PBXGroup;
			children = (
				E1F2264E2215745800BEA577 /* AppDelegate.swift */,
				E1F226502215745800BEA577 /* ViewController.swift */,
				E1F226522215745800BEA577 /* Main.storyboard */,
				E1F226552215745900BEA577 /* Assets.xcassets */,
				E1F226572215745900BEA577 /* LaunchScreen.storyboard */,
				E1F2265A2215745900BEA577 /* Info.plist */,
			);
			path = CRMobileChallenge;
			sourceTree = "<group>";
		};
		E1F226622215745900BEA577 /* CRMobileChallengeTests */ = {
			isa = PBXGroup;
			children = (
				E1F226632215745A00BEA577 /* CRMobileChallengeTests.swift */,
				E1F226652215745A00BEA577 /* Info.plist */,
			);
			path = CRMobileChallengeTests;
			sourceTree = "<group>";
		};
		E1F226B92215760200BEA577 /* Domain */ = {
			isa = PBXGroup;
			children = (
				E1F2273022181E9300BEA577 /* Network */,
				E1F2272F22181C4700BEA577 /* Repositories */,
				E1F2270B2216B2BB00BEA577 /* ValueObjects */,
				E1F227022216B04F00BEA577 /* Enums */,
				E1F226F92216AB3900BEA577 /* Entities */,
				E1F226BA2215760200BEA577 /* Domain.h */,
				E1F226BB2215760200BEA577 /* Info.plist */,
			);
			path = Domain;
			sourceTree = "<group>";
		};
		E1F226C62215760200BEA577 /* DomainTests */ = {
			isa = PBXGroup;
			children = (
				E1F226C92215760200BEA577 /* Info.plist */,
				E1F227152216C44900BEA577 /* OrderTests.swift */,
				E1F227172216CDBE00BEA577 /* OrderItemTests.swift */,
				E1F2271C2217754D00BEA577 /* AddressTests.swift */,
				E1F2272B22178FB300BEA577 /* CreditCardTests.swift */,
			);
			path = DomainTests;
			sourceTree = "<group>";
		};
		E1F226DB2215760900BEA577 /* Shared */ = {
			isa = PBXGroup;
			children = (
				E1F227102216BE9400BEA577 /* Extensions */,
				E1F226DC2215760900BEA577 /* Shared.h */,
				E1F226DD2215760900BEA577 /* Info.plist */,
				E1F226FC2216ABB500BEA577 /* Entitiy.swift */,
				E1F2272022178A8000BEA577 /* Assets.xcassets */,
			);
			path = Shared;
			sourceTree = "<group>";
		};
		E1F226E82215760A00BEA577 /* SharedTests */ = {
			isa = PBXGroup;
			children = (
				E1F226E92215760A00BEA577 /* SharedTests.swift */,
				E1F226EB2215760A00BEA577 /* Info.plist */,
			);
			path = SharedTests;
			sourceTree = "<group>";
		};
		E1F226F92216AB3900BEA577 /* Entities */ = {
			isa = PBXGroup;
			children = (
				E1F226FA2216AB4700BEA577 /* Game.swift */,
				E1F227092216B28A00BEA577 /* Order.swift */,
				E1F2270E2216B60D00BEA577 /* OrderItem.swift */,
			);
			path = Entities;
			sourceTree = "<group>";
		};
		E1F227022216B04F00BEA577 /* Enums */ = {
			isa = PBXGroup;
			children = (
				E1F227032216B05F00BEA577 /* CreditCardFlag.swift */,
				E1F227052216B15400BEA577 /* PaymentType.swift */,
			);
			path = Enums;
			sourceTree = "<group>";
		};
		E1F2270B2216B2BB00BEA577 /* ValueObjects */ = {
			isa = PBXGroup;
			children = (
				E1F227002216AFFA00BEA577 /* CreditCard.swift */,
				E1F226FE2216AEA200BEA577 /* Address.swift */,
			);
			path = ValueObjects;
			sourceTree = "<group>";
		};
		E1F227102216BE9400BEA577 /* Extensions */ = {
			isa = PBXGroup;
			children = (
				E1F227112216BEA800BEA577 /* Double+Formatter.swift */,
				E1F2272922178C6C00BEA577 /* String+Regex.swift */,
				E1F2272D221799F800BEA577 /* String+Substring.swift */,
			);
			path = Extensions;
			sourceTree = "<group>";
		};
		E1F2272F22181C4700BEA577 /* Repositories */ = {
			isa = PBXGroup;
			children = (
				E1F22760221A3F3E00BEA577 /* GameRepositoryProtocol.swift */,
				E1F22762221A3FAD00BEA577 /* ShippingRepositoryProocol.swift */,
				E1F22764221A40C700BEA577 /* GameRepository.swift */,
				E1F22768221A415300BEA577 /* BaseRepository.swift */,
				E1F2276A221A430B00BEA577 /* ShippingRepository.swift */,
				E1F2276C221A45BD00BEA577 /* RepositoryProtocol.swift */,
			);
			path = Repositories;
			sourceTree = "<group>";
		};
		E1F2273022181E9300BEA577 /* Network */ = {
			isa = PBXGroup;
			children = (
				E1F227572219885C00BEA577 /* EndPoint */,
				E1F227522219846E00BEA577 /* Manager */,
				E1F2274E2219833400BEA577 /* Router */,
				E1F2273B221828E700BEA577 /* Encoding */,
				E1F227382218280E00BEA577 /* Service */,
			);
			path = Network;
			sourceTree = "<group>";
		};
		E1F227382218280E00BEA577 /* Service */ = {
			isa = PBXGroup;
			children = (
				E1F227332218268C00BEA577 /* EndPointType.swift */,
				E1F227362218277A00BEA577 /* HTTPMethod.swift */,
				E1F227392218282600BEA577 /* HTTPTask.swift */,
				E1F2274C2219819100BEA577 /* NetworkEnvironment.swift */,
				E1F2274422182F0800BEA577 /* NetworkLogger.swift */,
				E1F22750221983C100BEA577 /* Result.swift */,
				E1F227552219850E00BEA577 /* NetworkRouter.swift */,
				E1F2275E221A05C400BEA577 /* NetworkErrorResponse.swift */,
			);
			path = Service;
			sourceTree = "<group>";
		};
		E1F2273B221828E700BEA577 /* Encoding */ = {
			isa = PBXGroup;
			children = (
				E1F2273C221829FD00BEA577 /* ParameterEncoding.swift */,
				E1F2273E22182B5F00BEA577 /* URLParameterEncoder.swift */,
				E1F2274022182BB300BEA577 /* NetworkError.swift */,
				E1F2274222182C2F00BEA577 /* JSONParameterEncoder.swift */,
			);
			path = Encoding;
			sourceTree = "<group>";
		};
		E1F2274E2219833400BEA577 /* Router */ = {
			isa = PBXGroup;
			children = (
				E1F2274622182F6B00BEA577 /* Router.swift */,
			);
			path = Router;
			sourceTree = "<group>";
		};
		E1F227522219846E00BEA577 /* Manager */ = {
			isa = PBXGroup;
			children = (
				E1F227532219849900BEA577 /* NetworkManager.swift */,
			);
			path = Manager;
			sourceTree = "<group>";
		};
		E1F227572219885C00BEA577 /* EndPoint */ = {
			isa = PBXGroup;
			children = (
				E1F227582219886700BEA577 /* GameAPI.swift */,
			);
			path = EndPoint;
			sourceTree = "<group>";
		};
		FCA6E46EA341924F4D54401B /* Pods */ = {
			isa = PBXGroup;
			children = (
				6D8B0CD1D16480631A406BCC /* Pods-CRMobileChallenge.debug.xcconfig */,
				8375868B7B67C76ADDF591FB /* Pods-CRMobileChallenge.release.xcconfig */,
				868338AB3887819FF61BAE9B /* Pods-CRMobileChallengeTests.debug.xcconfig */,
				33B281E4D2229AB9C81F57EF /* Pods-CRMobileChallengeTests.release.xcconfig */,
				0769B12FF9FF3644F2FFB431 /* Pods-Domain.debug.xcconfig */,
				555E8167B34A8B39590CACC3 /* Pods-Domain.release.xcconfig */,
				BDA9AC1879D1C428D1894B0C /* Pods-DomainTests.debug.xcconfig */,
				46677AE514E9D6564B067903 /* Pods-DomainTests.release.xcconfig */,
				F0EDCBC018B94C40C1EC64BB /* Pods-Shared.debug.xcconfig */,
				823BC4ADA926A5CD2DB55B14 /* Pods-Shared.release.xcconfig */,
				1378105FFAEC2AC09AF70F58 /* Pods-SharedTests.debug.xcconfig */,
				C4D562462314439B70861642 /* Pods-SharedTests.release.xcconfig */,
			);
			path = Pods;
			sourceTree = "<group>";
		};
/* End PBXGroup section */

/* Begin PBXHeadersBuildPhase section */
		E1F226B32215760200BEA577 /* Headers */ = {
			isa = PBXHeadersBuildPhase;
			buildActionMask = 2147483647;
			files = (
				E1F226CA2215760200BEA577 /* Domain.h in Headers */,
			);
			runOnlyForDeploymentPostprocessing = 0;
		};
		E1F226D52215760900BEA577 /* Headers */ = {
			isa = PBXHeadersBuildPhase;
			buildActionMask = 2147483647;
			files = (
				E1F226EC2215760A00BEA577 /* Shared.h in Headers */,
			);
			runOnlyForDeploymentPostprocessing = 0;
		};
/* End PBXHeadersBuildPhase section */

/* Begin PBXNativeTarget section */
		E1F2264A2215745800BEA577 /* CRMobileChallenge */ = {
			isa = PBXNativeTarget;
			buildConfigurationList = E1F226682215745A00BEA577 /* Build configuration list for PBXNativeTarget "CRMobileChallenge" */;
			buildPhases = (
				030AD1CBAC29796C6EA986F0 /* [CP] Check Pods Manifest.lock */,
				E1F226472215745800BEA577 /* Sources */,
				E1F226482215745800BEA577 /* Frameworks */,
				E1F226492215745800BEA577 /* Resources */,
				E1F2268D221574A600BEA577 /* Embed Frameworks */,
			);
			buildRules = (
			);
			dependencies = (
				E1F226CC2215760200BEA577 /* PBXTargetDependency */,
				E1F226EE2215760A00BEA577 /* PBXTargetDependency */,
			);
			name = CRMobileChallenge;
			productName = CRMobileChallenge;
			productReference = E1F2264B2215745800BEA577 /* CRMobileChallenge.app */;
			productType = "com.apple.product-type.application";
		};
		E1F2265E2215745900BEA577 /* CRMobileChallengeTests */ = {
			isa = PBXNativeTarget;
			buildConfigurationList = E1F2266B2215745A00BEA577 /* Build configuration list for PBXNativeTarget "CRMobileChallengeTests" */;
			buildPhases = (
				E72508458717013347D857C2 /* [CP] Check Pods Manifest.lock */,
				E1F2265B2215745900BEA577 /* Sources */,
				E1F2265C2215745900BEA577 /* Frameworks */,
				E1F2265D2215745900BEA577 /* Resources */,
			);
			buildRules = (
			);
			dependencies = (
				E1F226612215745900BEA577 /* PBXTargetDependency */,
			);
			name = CRMobileChallengeTests;
			productName = CRMobileChallengeTests;
			productReference = E1F2265F2215745900BEA577 /* CRMobileChallengeTests.xctest */;
			productType = "com.apple.product-type.bundle.unit-test";
		};
		E1F226B72215760200BEA577 /* Domain */ = {
			isa = PBXNativeTarget;
			buildConfigurationList = E1F226D32215760200BEA577 /* Build configuration list for PBXNativeTarget "Domain" */;
			buildPhases = (
				08E376526F5D6ED11602F3A4 /* [CP] Check Pods Manifest.lock */,
				E1F226B32215760200BEA577 /* Headers */,
				E1F226B42215760200BEA577 /* Sources */,
				E1F226B52215760200BEA577 /* Frameworks */,
				E1F226B62215760200BEA577 /* Resources */,
			);
			buildRules = (
			);
			dependencies = (
			);
			name = Domain;
			productName = Domain;
			productReference = E1F226B82215760200BEA577 /* Domain.framework */;
			productType = "com.apple.product-type.framework";
		};
		E1F226BF2215760200BEA577 /* DomainTests */ = {
			isa = PBXNativeTarget;
			buildConfigurationList = E1F226D42215760200BEA577 /* Build configuration list for PBXNativeTarget "DomainTests" */;
			buildPhases = (
				3FF30E24E80E610D692631C6 /* [CP] Check Pods Manifest.lock */,
				E1F226BC2215760200BEA577 /* Sources */,
				E1F226BD2215760200BEA577 /* Frameworks */,
				E1F226BE2215760200BEA577 /* Resources */,
			);
			buildRules = (
			);
			dependencies = (
				E1F226C32215760200BEA577 /* PBXTargetDependency */,
				E1F226C52215760200BEA577 /* PBXTargetDependency */,
			);
			name = DomainTests;
			productName = DomainTests;
			productReference = E1F226C02215760200BEA577 /* DomainTests.xctest */;
			productType = "com.apple.product-type.bundle.unit-test";
		};
		E1F226D92215760900BEA577 /* Shared */ = {
			isa = PBXNativeTarget;
			buildConfigurationList = E1F226F12215760A00BEA577 /* Build configuration list for PBXNativeTarget "Shared" */;
			buildPhases = (
				E0E5C358D84A53933C1556DE /* [CP] Check Pods Manifest.lock */,
				E1F226D52215760900BEA577 /* Headers */,
				E1F226D62215760900BEA577 /* Sources */,
				E1F226D72215760900BEA577 /* Frameworks */,
				E1F226D82215760900BEA577 /* Resources */,
			);
			buildRules = (
			);
			dependencies = (
			);
			name = Shared;
			productName = Shared;
			productReference = E1F226DA2215760900BEA577 /* Shared.framework */;
			productType = "com.apple.product-type.framework";
		};
		E1F226E12215760900BEA577 /* SharedTests */ = {
			isa = PBXNativeTarget;
			buildConfigurationList = E1F226F42215760A00BEA577 /* Build configuration list for PBXNativeTarget "SharedTests" */;
			buildPhases = (
				382ABF7D0138CAC6B875120B /* [CP] Check Pods Manifest.lock */,
				E1F226DE2215760900BEA577 /* Sources */,
				E1F226DF2215760900BEA577 /* Frameworks */,
				E1F226E02215760900BEA577 /* Resources */,
			);
			buildRules = (
			);
			dependencies = (
				E1F226E52215760A00BEA577 /* PBXTargetDependency */,
				E1F226E72215760A00BEA577 /* PBXTargetDependency */,
			);
			name = SharedTests;
			productName = SharedTests;
			productReference = E1F226E22215760900BEA577 /* SharedTests.xctest */;
			productType = "com.apple.product-type.bundle.unit-test";
		};
/* End PBXNativeTarget section */

/* Begin PBXProject section */
		E1F226432215745800BEA577 /* Project object */ = {
			isa = PBXProject;
			attributes = {
				LastSwiftUpdateCheck = 1010;
				LastUpgradeCheck = 1010;
				ORGANIZATIONNAME = "Adriano Souza Costa";
				TargetAttributes = {
					E1F2264A2215745800BEA577 = {
						CreatedOnToolsVersion = 10.1;
					};
					E1F2265E2215745900BEA577 = {
						CreatedOnToolsVersion = 10.1;
						TestTargetID = E1F2264A2215745800BEA577;
					};
					E1F226B72215760200BEA577 = {
						CreatedOnToolsVersion = 10.1;
						LastSwiftMigration = 1010;
					};
					E1F226BF2215760200BEA577 = {
						CreatedOnToolsVersion = 10.1;
						TestTargetID = E1F2264A2215745800BEA577;
					};
					E1F226D92215760900BEA577 = {
						CreatedOnToolsVersion = 10.1;
						LastSwiftMigration = 1010;
					};
					E1F226E12215760900BEA577 = {
						CreatedOnToolsVersion = 10.1;
						TestTargetID = E1F2264A2215745800BEA577;
					};
				};
			};
			buildConfigurationList = E1F226462215745800BEA577 /* Build configuration list for PBXProject "CRMobileChallenge" */;
			compatibilityVersion = "Xcode 9.3";
			developmentRegion = en;
			hasScannedForEncodings = 0;
			knownRegions = (
				en,
				Base,
			);
			mainGroup = E1F226422215745800BEA577;
			productRefGroup = E1F2264C2215745800BEA577 /* Products */;
			projectDirPath = "";
			projectRoot = "";
			targets = (
				E1F2264A2215745800BEA577 /* CRMobileChallenge */,
				E1F2265E2215745900BEA577 /* CRMobileChallengeTests */,
				E1F226B72215760200BEA577 /* Domain */,
				E1F226BF2215760200BEA577 /* DomainTests */,
				E1F226D92215760900BEA577 /* Shared */,
				E1F226E12215760900BEA577 /* SharedTests */,
			);
		};
/* End PBXProject section */

/* Begin PBXResourcesBuildPhase section */
		E1F226492215745800BEA577 /* Resources */ = {
			isa = PBXResourcesBuildPhase;
			buildActionMask = 2147483647;
			files = (
				E1F226F82215764800BEA577 /* Planejamento.rtf in Resources */,
				E1F226592215745900BEA577 /* LaunchScreen.storyboard in Resources */,
				E1F226562215745900BEA577 /* Assets.xcassets in Resources */,
				E1F226542215745800BEA577 /* Main.storyboard in Resources */,
			);
			runOnlyForDeploymentPostprocessing = 0;
		};
		E1F2265D2215745900BEA577 /* Resources */ = {
			isa = PBXResourcesBuildPhase;
			buildActionMask = 2147483647;
			files = (
			);
			runOnlyForDeploymentPostprocessing = 0;
		};
		E1F226B62215760200BEA577 /* Resources */ = {
			isa = PBXResourcesBuildPhase;
			buildActionMask = 2147483647;
			files = (
			);
			runOnlyForDeploymentPostprocessing = 0;
		};
		E1F226BE2215760200BEA577 /* Resources */ = {
			isa = PBXResourcesBuildPhase;
			buildActionMask = 2147483647;
			files = (
			);
			runOnlyForDeploymentPostprocessing = 0;
		};
		E1F226D82215760900BEA577 /* Resources */ = {
			isa = PBXResourcesBuildPhase;
			buildActionMask = 2147483647;
			files = (
				E1F2272122178A8000BEA577 /* Assets.xcassets in Resources */,
			);
			runOnlyForDeploymentPostprocessing = 0;
		};
		E1F226E02215760900BEA577 /* Resources */ = {
			isa = PBXResourcesBuildPhase;
			buildActionMask = 2147483647;
			files = (
			);
			runOnlyForDeploymentPostprocessing = 0;
		};
/* End PBXResourcesBuildPhase section */

/* Begin PBXShellScriptBuildPhase section */
		030AD1CBAC29796C6EA986F0 /* [CP] Check Pods Manifest.lock */ = {
			isa = PBXShellScriptBuildPhase;
			buildActionMask = 2147483647;
			files = (
			);
			inputFileListPaths = (
			);
			inputPaths = (
				"${PODS_PODFILE_DIR_PATH}/Podfile.lock",
				"${PODS_ROOT}/Manifest.lock",
			);
			name = "[CP] Check Pods Manifest.lock";
			outputFileListPaths = (
			);
			outputPaths = (
				"$(DERIVED_FILE_DIR)/Pods-CRMobileChallenge-checkManifestLockResult.txt",
			);
			runOnlyForDeploymentPostprocessing = 0;
			shellPath = /bin/sh;
			shellScript = "diff \"${PODS_PODFILE_DIR_PATH}/Podfile.lock\" \"${PODS_ROOT}/Manifest.lock\" > /dev/null\nif [ $? != 0 ] ; then\n    # print error to STDERR\n    echo \"error: The sandbox is not in sync with the Podfile.lock. Run 'pod install' or update your CocoaPods installation.\" >&2\n    exit 1\nfi\n# This output is used by Xcode 'outputs' to avoid re-running this script phase.\necho \"SUCCESS\" > \"${SCRIPT_OUTPUT_FILE_0}\"\n";
			showEnvVarsInLog = 0;
		};
		08E376526F5D6ED11602F3A4 /* [CP] Check Pods Manifest.lock */ = {
			isa = PBXShellScriptBuildPhase;
			buildActionMask = 2147483647;
			files = (
			);
			inputFileListPaths = (
			);
			inputPaths = (
				"${PODS_PODFILE_DIR_PATH}/Podfile.lock",
				"${PODS_ROOT}/Manifest.lock",
			);
			name = "[CP] Check Pods Manifest.lock";
			outputFileListPaths = (
			);
			outputPaths = (
				"$(DERIVED_FILE_DIR)/Pods-Domain-checkManifestLockResult.txt",
			);
			runOnlyForDeploymentPostprocessing = 0;
			shellPath = /bin/sh;
			shellScript = "diff \"${PODS_PODFILE_DIR_PATH}/Podfile.lock\" \"${PODS_ROOT}/Manifest.lock\" > /dev/null\nif [ $? != 0 ] ; then\n    # print error to STDERR\n    echo \"error: The sandbox is not in sync with the Podfile.lock. Run 'pod install' or update your CocoaPods installation.\" >&2\n    exit 1\nfi\n# This output is used by Xcode 'outputs' to avoid re-running this script phase.\necho \"SUCCESS\" > \"${SCRIPT_OUTPUT_FILE_0}\"\n";
			showEnvVarsInLog = 0;
		};
		382ABF7D0138CAC6B875120B /* [CP] Check Pods Manifest.lock */ = {
			isa = PBXShellScriptBuildPhase;
			buildActionMask = 2147483647;
			files = (
			);
			inputFileListPaths = (
			);
			inputPaths = (
				"${PODS_PODFILE_DIR_PATH}/Podfile.lock",
				"${PODS_ROOT}/Manifest.lock",
			);
			name = "[CP] Check Pods Manifest.lock";
			outputFileListPaths = (
			);
			outputPaths = (
				"$(DERIVED_FILE_DIR)/Pods-SharedTests-checkManifestLockResult.txt",
			);
			runOnlyForDeploymentPostprocessing = 0;
			shellPath = /bin/sh;
			shellScript = "diff \"${PODS_PODFILE_DIR_PATH}/Podfile.lock\" \"${PODS_ROOT}/Manifest.lock\" > /dev/null\nif [ $? != 0 ] ; then\n    # print error to STDERR\n    echo \"error: The sandbox is not in sync with the Podfile.lock. Run 'pod install' or update your CocoaPods installation.\" >&2\n    exit 1\nfi\n# This output is used by Xcode 'outputs' to avoid re-running this script phase.\necho \"SUCCESS\" > \"${SCRIPT_OUTPUT_FILE_0}\"\n";
			showEnvVarsInLog = 0;
		};
		3FF30E24E80E610D692631C6 /* [CP] Check Pods Manifest.lock */ = {
			isa = PBXShellScriptBuildPhase;
			buildActionMask = 2147483647;
			files = (
			);
			inputFileListPaths = (
			);
			inputPaths = (
				"${PODS_PODFILE_DIR_PATH}/Podfile.lock",
				"${PODS_ROOT}/Manifest.lock",
			);
			name = "[CP] Check Pods Manifest.lock";
			outputFileListPaths = (
			);
			outputPaths = (
				"$(DERIVED_FILE_DIR)/Pods-DomainTests-checkManifestLockResult.txt",
			);
			runOnlyForDeploymentPostprocessing = 0;
			shellPath = /bin/sh;
			shellScript = "diff \"${PODS_PODFILE_DIR_PATH}/Podfile.lock\" \"${PODS_ROOT}/Manifest.lock\" > /dev/null\nif [ $? != 0 ] ; then\n    # print error to STDERR\n    echo \"error: The sandbox is not in sync with the Podfile.lock. Run 'pod install' or update your CocoaPods installation.\" >&2\n    exit 1\nfi\n# This output is used by Xcode 'outputs' to avoid re-running this script phase.\necho \"SUCCESS\" > \"${SCRIPT_OUTPUT_FILE_0}\"\n";
			showEnvVarsInLog = 0;
		};
		E0E5C358D84A53933C1556DE /* [CP] Check Pods Manifest.lock */ = {
			isa = PBXShellScriptBuildPhase;
			buildActionMask = 2147483647;
			files = (
			);
			inputFileListPaths = (
			);
			inputPaths = (
				"${PODS_PODFILE_DIR_PATH}/Podfile.lock",
				"${PODS_ROOT}/Manifest.lock",
			);
			name = "[CP] Check Pods Manifest.lock";
			outputFileListPaths = (
			);
			outputPaths = (
				"$(DERIVED_FILE_DIR)/Pods-Shared-checkManifestLockResult.txt",
			);
			runOnlyForDeploymentPostprocessing = 0;
			shellPath = /bin/sh;
			shellScript = "diff \"${PODS_PODFILE_DIR_PATH}/Podfile.lock\" \"${PODS_ROOT}/Manifest.lock\" > /dev/null\nif [ $? != 0 ] ; then\n    # print error to STDERR\n    echo \"error: The sandbox is not in sync with the Podfile.lock. Run 'pod install' or update your CocoaPods installation.\" >&2\n    exit 1\nfi\n# This output is used by Xcode 'outputs' to avoid re-running this script phase.\necho \"SUCCESS\" > \"${SCRIPT_OUTPUT_FILE_0}\"\n";
			showEnvVarsInLog = 0;
		};
		E72508458717013347D857C2 /* [CP] Check Pods Manifest.lock */ = {
			isa = PBXShellScriptBuildPhase;
			buildActionMask = 2147483647;
			files = (
			);
			inputFileListPaths = (
			);
			inputPaths = (
				"${PODS_PODFILE_DIR_PATH}/Podfile.lock",
				"${PODS_ROOT}/Manifest.lock",
			);
			name = "[CP] Check Pods Manifest.lock";
			outputFileListPaths = (
			);
			outputPaths = (
				"$(DERIVED_FILE_DIR)/Pods-CRMobileChallengeTests-checkManifestLockResult.txt",
			);
			runOnlyForDeploymentPostprocessing = 0;
			shellPath = /bin/sh;
			shellScript = "diff \"${PODS_PODFILE_DIR_PATH}/Podfile.lock\" \"${PODS_ROOT}/Manifest.lock\" > /dev/null\nif [ $? != 0 ] ; then\n    # print error to STDERR\n    echo \"error: The sandbox is not in sync with the Podfile.lock. Run 'pod install' or update your CocoaPods installation.\" >&2\n    exit 1\nfi\n# This output is used by Xcode 'outputs' to avoid re-running this script phase.\necho \"SUCCESS\" > \"${SCRIPT_OUTPUT_FILE_0}\"\n";
			showEnvVarsInLog = 0;
		};
/* End PBXShellScriptBuildPhase section */

/* Begin PBXSourcesBuildPhase section */
		E1F226472215745800BEA577 /* Sources */ = {
			isa = PBXSourcesBuildPhase;
			buildActionMask = 2147483647;
			files = (
				E1F226512215745800BEA577 /* ViewController.swift in Sources */,
				E1F2264F2215745800BEA577 /* AppDelegate.swift in Sources */,
			);
			runOnlyForDeploymentPostprocessing = 0;
		};
		E1F2265B2215745900BEA577 /* Sources */ = {
			isa = PBXSourcesBuildPhase;
			buildActionMask = 2147483647;
			files = (
				E1F226642215745A00BEA577 /* CRMobileChallengeTests.swift in Sources */,
			);
			runOnlyForDeploymentPostprocessing = 0;
		};
		E1F226B42215760200BEA577 /* Sources */ = {
			isa = PBXSourcesBuildPhase;
			buildActionMask = 2147483647;
			files = (
				E1F2275F221A05C400BEA577 /* NetworkErrorResponse.swift in Sources */,
				E1F2274322182C2F00BEA577 /* JSONParameterEncoder.swift in Sources */,
				E1F2273A2218282600BEA577 /* HTTPTask.swift in Sources */,
				E1F227012216AFFA00BEA577 /* CreditCard.swift in Sources */,
				E1F227562219850E00BEA577 /* NetworkRouter.swift in Sources */,
				E1F227592219886700BEA577 /* GameAPI.swift in Sources */,
				E1F227542219849900BEA577 /* NetworkManager.swift in Sources */,
				E1F2274722182F6B00BEA577 /* Router.swift in Sources */,
				E1F2274D2219819100BEA577 /* NetworkEnvironment.swift in Sources */,
				E1F227342218268C00BEA577 /* EndPointType.swift in Sources */,
				E1F22763221A3FAD00BEA577 /* ShippingRepositoryProocol.swift in Sources */,
				E1F2273F22182B5F00BEA577 /* URLParameterEncoder.swift in Sources */,
				E1F227372218277A00BEA577 /* HTTPMethod.swift in Sources */,
				E1F2276D221A45BD00BEA577 /* RepositoryProtocol.swift in Sources */,
				E1F2270A2216B28A00BEA577 /* Order.swift in Sources */,
				E1F226FF2216AEA200BEA577 /* Address.swift in Sources */,
				E1F2273D221829FD00BEA577 /* ParameterEncoding.swift in Sources */,
				E1F2274122182BB300BEA577 /* NetworkError.swift in Sources */,
				E1F227062216B15400BEA577 /* PaymentType.swift in Sources */,
				E1F22761221A3F3E00BEA577 /* GameRepositoryProtocol.swift in Sources */,
				E1F2270F2216B60D00BEA577 /* OrderItem.swift in Sources */,
				E1F227042216B05F00BEA577 /* CreditCardFlag.swift in Sources */,
				E1F22751221983C100BEA577 /* Result.swift in Sources */,
				E1F22765221A40C700BEA577 /* GameRepository.swift in Sources */,
				E1F2274522182F0800BEA577 /* NetworkLogger.swift in Sources */,
				E1F22769221A415300BEA577 /* BaseRepository.swift in Sources */,
				E1F2276B221A430B00BEA577 /* ShippingRepository.swift in Sources */,
				E1F226FB2216AB4700BEA577 /* Game.swift in Sources */,
			);
			runOnlyForDeploymentPostprocessing = 0;
		};
		E1F226BC2215760200BEA577 /* Sources */ = {
			isa = PBXSourcesBuildPhase;
			buildActionMask = 2147483647;
			files = (
				E1F2272C22178FB300BEA577 /* CreditCardTests.swift in Sources */,
				E1F227182216CDBE00BEA577 /* OrderItemTests.swift in Sources */,
				E1F227162216C44900BEA577 /* OrderTests.swift in Sources */,
				E1F2271D2217754D00BEA577 /* AddressTests.swift in Sources */,
			);
			runOnlyForDeploymentPostprocessing = 0;
		};
		E1F226D62215760900BEA577 /* Sources */ = {
			isa = PBXSourcesBuildPhase;
			buildActionMask = 2147483647;
			files = (
				E1F226FD2216ABB500BEA577 /* Entitiy.swift in Sources */,
				E1F227122216BEA800BEA577 /* Double+Formatter.swift in Sources */,
				E1F2272A22178C6C00BEA577 /* String+Regex.swift in Sources */,
				E1F2272E221799F800BEA577 /* String+Substring.swift in Sources */,
				E1F2272822178ADD00BEA577 /* CreditCardFlag.swift in Sources */,
			);
			runOnlyForDeploymentPostprocessing = 0;
		};
		E1F226DE2215760900BEA577 /* Sources */ = {
			isa = PBXSourcesBuildPhase;
			buildActionMask = 2147483647;
			files = (
				E1F226EA2215760A00BEA577 /* SharedTests.swift in Sources */,
			);
			runOnlyForDeploymentPostprocessing = 0;
		};
/* End PBXSourcesBuildPhase section */

/* Begin PBXTargetDependency section */
		E1F226612215745900BEA577 /* PBXTargetDependency */ = {
			isa = PBXTargetDependency;
			target = E1F2264A2215745800BEA577 /* CRMobileChallenge */;
			targetProxy = E1F226602215745900BEA577 /* PBXContainerItemProxy */;
		};
		E1F226C32215760200BEA577 /* PBXTargetDependency */ = {
			isa = PBXTargetDependency;
			target = E1F226B72215760200BEA577 /* Domain */;
			targetProxy = E1F226C22215760200BEA577 /* PBXContainerItemProxy */;
		};
		E1F226C52215760200BEA577 /* PBXTargetDependency */ = {
			isa = PBXTargetDependency;
			target = E1F2264A2215745800BEA577 /* CRMobileChallenge */;
			targetProxy = E1F226C42215760200BEA577 /* PBXContainerItemProxy */;
		};
		E1F226CC2215760200BEA577 /* PBXTargetDependency */ = {
			isa = PBXTargetDependency;
			target = E1F226B72215760200BEA577 /* Domain */;
			targetProxy = E1F226CB2215760200BEA577 /* PBXContainerItemProxy */;
		};
		E1F226E52215760A00BEA577 /* PBXTargetDependency */ = {
			isa = PBXTargetDependency;
			target = E1F226D92215760900BEA577 /* Shared */;
			targetProxy = E1F226E42215760A00BEA577 /* PBXContainerItemProxy */;
		};
		E1F226E72215760A00BEA577 /* PBXTargetDependency */ = {
			isa = PBXTargetDependency;
			target = E1F2264A2215745800BEA577 /* CRMobileChallenge */;
			targetProxy = E1F226E62215760A00BEA577 /* PBXContainerItemProxy */;
		};
		E1F226EE2215760A00BEA577 /* PBXTargetDependency */ = {
			isa = PBXTargetDependency;
			target = E1F226D92215760900BEA577 /* Shared */;
			targetProxy = E1F226ED2215760A00BEA577 /* PBXContainerItemProxy */;
		};
/* End PBXTargetDependency section */

/* Begin PBXVariantGroup section */
		E1F226522215745800BEA577 /* Main.storyboard */ = {
			isa = PBXVariantGroup;
			children = (
				E1F226532215745800BEA577 /* Base */,
			);
			name = Main.storyboard;
			sourceTree = "<group>";
		};
		E1F226572215745900BEA577 /* LaunchScreen.storyboard */ = {
			isa = PBXVariantGroup;
			children = (
				E1F226582215745900BEA577 /* Base */,
			);
			name = LaunchScreen.storyboard;
			sourceTree = "<group>";
		};
/* End PBXVariantGroup section */

/* Begin XCBuildConfiguration section */
		E1F226662215745A00BEA577 /* Debug */ = {
			isa = XCBuildConfiguration;
			buildSettings = {
				ALWAYS_SEARCH_USER_PATHS = NO;
				CLANG_ANALYZER_NONNULL = YES;
				CLANG_ANALYZER_NUMBER_OBJECT_CONVERSION = YES_AGGRESSIVE;
				CLANG_CXX_LANGUAGE_STANDARD = "gnu++14";
				CLANG_CXX_LIBRARY = "libc++";
				CLANG_ENABLE_MODULES = YES;
				CLANG_ENABLE_OBJC_ARC = YES;
				CLANG_ENABLE_OBJC_WEAK = YES;
				CLANG_WARN_BLOCK_CAPTURE_AUTORELEASING = YES;
				CLANG_WARN_BOOL_CONVERSION = YES;
				CLANG_WARN_COMMA = YES;
				CLANG_WARN_CONSTANT_CONVERSION = YES;
				CLANG_WARN_DEPRECATED_OBJC_IMPLEMENTATIONS = YES;
				CLANG_WARN_DIRECT_OBJC_ISA_USAGE = YES_ERROR;
				CLANG_WARN_DOCUMENTATION_COMMENTS = YES;
				CLANG_WARN_EMPTY_BODY = YES;
				CLANG_WARN_ENUM_CONVERSION = YES;
				CLANG_WARN_INFINITE_RECURSION = YES;
				CLANG_WARN_INT_CONVERSION = YES;
				CLANG_WARN_NON_LITERAL_NULL_CONVERSION = YES;
				CLANG_WARN_OBJC_IMPLICIT_RETAIN_SELF = YES;
				CLANG_WARN_OBJC_LITERAL_CONVERSION = YES;
				CLANG_WARN_OBJC_ROOT_CLASS = YES_ERROR;
				CLANG_WARN_RANGE_LOOP_ANALYSIS = YES;
				CLANG_WARN_STRICT_PROTOTYPES = YES;
				CLANG_WARN_SUSPICIOUS_MOVE = YES;
				CLANG_WARN_UNGUARDED_AVAILABILITY = YES_AGGRESSIVE;
				CLANG_WARN_UNREACHABLE_CODE = YES;
				CLANG_WARN__DUPLICATE_METHOD_MATCH = YES;
				CODE_SIGN_IDENTITY = "iPhone Developer";
				COPY_PHASE_STRIP = NO;
				DEBUG_INFORMATION_FORMAT = dwarf;
				ENABLE_STRICT_OBJC_MSGSEND = YES;
				ENABLE_TESTABILITY = YES;
				GCC_C_LANGUAGE_STANDARD = gnu11;
				GCC_DYNAMIC_NO_PIC = NO;
				GCC_NO_COMMON_BLOCKS = YES;
				GCC_OPTIMIZATION_LEVEL = 0;
				GCC_PREPROCESSOR_DEFINITIONS = (
					"DEBUG=1",
					"$(inherited)",
				);
				GCC_WARN_64_TO_32_BIT_CONVERSION = YES;
				GCC_WARN_ABOUT_RETURN_TYPE = YES_ERROR;
				GCC_WARN_UNDECLARED_SELECTOR = YES;
				GCC_WARN_UNINITIALIZED_AUTOS = YES_AGGRESSIVE;
				GCC_WARN_UNUSED_FUNCTION = YES;
				GCC_WARN_UNUSED_VARIABLE = YES;
				IPHONEOS_DEPLOYMENT_TARGET = 12.1;
				MTL_ENABLE_DEBUG_INFO = INCLUDE_SOURCE;
				MTL_FAST_MATH = YES;
				ONLY_ACTIVE_ARCH = YES;
				SDKROOT = iphoneos;
				SWIFT_ACTIVE_COMPILATION_CONDITIONS = DEBUG;
				SWIFT_OPTIMIZATION_LEVEL = "-Onone";
			};
			name = Debug;
		};
		E1F226672215745A00BEA577 /* Release */ = {
			isa = XCBuildConfiguration;
			buildSettings = {
				ALWAYS_SEARCH_USER_PATHS = NO;
				CLANG_ANALYZER_NONNULL = YES;
				CLANG_ANALYZER_NUMBER_OBJECT_CONVERSION = YES_AGGRESSIVE;
				CLANG_CXX_LANGUAGE_STANDARD = "gnu++14";
				CLANG_CXX_LIBRARY = "libc++";
				CLANG_ENABLE_MODULES = YES;
				CLANG_ENABLE_OBJC_ARC = YES;
				CLANG_ENABLE_OBJC_WEAK = YES;
				CLANG_WARN_BLOCK_CAPTURE_AUTORELEASING = YES;
				CLANG_WARN_BOOL_CONVERSION = YES;
				CLANG_WARN_COMMA = YES;
				CLANG_WARN_CONSTANT_CONVERSION = YES;
				CLANG_WARN_DEPRECATED_OBJC_IMPLEMENTATIONS = YES;
				CLANG_WARN_DIRECT_OBJC_ISA_USAGE = YES_ERROR;
				CLANG_WARN_DOCUMENTATION_COMMENTS = YES;
				CLANG_WARN_EMPTY_BODY = YES;
				CLANG_WARN_ENUM_CONVERSION = YES;
				CLANG_WARN_INFINITE_RECURSION = YES;
				CLANG_WARN_INT_CONVERSION = YES;
				CLANG_WARN_NON_LITERAL_NULL_CONVERSION = YES;
				CLANG_WARN_OBJC_IMPLICIT_RETAIN_SELF = YES;
				CLANG_WARN_OBJC_LITERAL_CONVERSION = YES;
				CLANG_WARN_OBJC_ROOT_CLASS = YES_ERROR;
				CLANG_WARN_RANGE_LOOP_ANALYSIS = YES;
				CLANG_WARN_STRICT_PROTOTYPES = YES;
				CLANG_WARN_SUSPICIOUS_MOVE = YES;
				CLANG_WARN_UNGUARDED_AVAILABILITY = YES_AGGRESSIVE;
				CLANG_WARN_UNREACHABLE_CODE = YES;
				CLANG_WARN__DUPLICATE_METHOD_MATCH = YES;
				CODE_SIGN_IDENTITY = "iPhone Developer";
				COPY_PHASE_STRIP = NO;
				DEBUG_INFORMATION_FORMAT = "dwarf-with-dsym";
				ENABLE_NS_ASSERTIONS = NO;
				ENABLE_STRICT_OBJC_MSGSEND = YES;
				GCC_C_LANGUAGE_STANDARD = gnu11;
				GCC_NO_COMMON_BLOCKS = YES;
				GCC_WARN_64_TO_32_BIT_CONVERSION = YES;
				GCC_WARN_ABOUT_RETURN_TYPE = YES_ERROR;
				GCC_WARN_UNDECLARED_SELECTOR = YES;
				GCC_WARN_UNINITIALIZED_AUTOS = YES_AGGRESSIVE;
				GCC_WARN_UNUSED_FUNCTION = YES;
				GCC_WARN_UNUSED_VARIABLE = YES;
				IPHONEOS_DEPLOYMENT_TARGET = 12.1;
				MTL_ENABLE_DEBUG_INFO = NO;
				MTL_FAST_MATH = YES;
				SDKROOT = iphoneos;
				SWIFT_COMPILATION_MODE = wholemodule;
				SWIFT_OPTIMIZATION_LEVEL = "-O";
				VALIDATE_PRODUCT = YES;
			};
			name = Release;
		};
		E1F226692215745A00BEA577 /* Debug */ = {
			isa = XCBuildConfiguration;
			baseConfigurationReference = 6D8B0CD1D16480631A406BCC /* Pods-CRMobileChallenge.debug.xcconfig */;
			buildSettings = {
				ALWAYS_EMBED_SWIFT_STANDARD_LIBRARIES = YES;
				ASSETCATALOG_COMPILER_APPICON_NAME = AppIcon;
				CODE_SIGN_STYLE = Automatic;
				DEVELOPMENT_TEAM = MM4N959BB5;
				INFOPLIST_FILE = CRMobileChallenge/Info.plist;
				IPHONEOS_DEPLOYMENT_TARGET = 10.3;
				LD_RUNPATH_SEARCH_PATHS = (
					"$(inherited)",
					"@executable_path/Frameworks",
				);
				PRODUCT_BUNDLE_IDENTIFIER = adriano.challenge.CRMobileChallenge;
				PRODUCT_NAME = "$(TARGET_NAME)";
				SWIFT_VERSION = 4.2;
				TARGETED_DEVICE_FAMILY = "1,2";
			};
			name = Debug;
		};
		E1F2266A2215745A00BEA577 /* Release */ = {
			isa = XCBuildConfiguration;
			baseConfigurationReference = 8375868B7B67C76ADDF591FB /* Pods-CRMobileChallenge.release.xcconfig */;
			buildSettings = {
				ALWAYS_EMBED_SWIFT_STANDARD_LIBRARIES = YES;
				ASSETCATALOG_COMPILER_APPICON_NAME = AppIcon;
				CODE_SIGN_STYLE = Automatic;
				DEVELOPMENT_TEAM = MM4N959BB5;
				INFOPLIST_FILE = CRMobileChallenge/Info.plist;
				IPHONEOS_DEPLOYMENT_TARGET = 10.3;
				LD_RUNPATH_SEARCH_PATHS = (
					"$(inherited)",
					"@executable_path/Frameworks",
				);
				PRODUCT_BUNDLE_IDENTIFIER = adriano.challenge.CRMobileChallenge;
				PRODUCT_NAME = "$(TARGET_NAME)";
				SWIFT_VERSION = 4.2;
				TARGETED_DEVICE_FAMILY = "1,2";
			};
			name = Release;
		};
		E1F2266C2215745A00BEA577 /* Debug */ = {
			isa = XCBuildConfiguration;
			baseConfigurationReference = 868338AB3887819FF61BAE9B /* Pods-CRMobileChallengeTests.debug.xcconfig */;
			buildSettings = {
				ALWAYS_EMBED_SWIFT_STANDARD_LIBRARIES = YES;
				BUNDLE_LOADER = "$(TEST_HOST)";
				CODE_SIGN_STYLE = Automatic;
				DEVELOPMENT_TEAM = MM4N959BB5;
				INFOPLIST_FILE = CRMobileChallengeTests/Info.plist;
				LD_RUNPATH_SEARCH_PATHS = (
					"$(inherited)",
					"@executable_path/Frameworks",
					"@loader_path/Frameworks",
				);
				PRODUCT_BUNDLE_IDENTIFIER = adriano.challenge.CRMobileChallengeTests;
				PRODUCT_NAME = "$(TARGET_NAME)";
				SWIFT_VERSION = 4.2;
				TARGETED_DEVICE_FAMILY = "1,2";
				TEST_HOST = "$(BUILT_PRODUCTS_DIR)/CRMobileChallenge.app/CRMobileChallenge";
			};
			name = Debug;
		};
		E1F2266D2215745A00BEA577 /* Release */ = {
			isa = XCBuildConfiguration;
			baseConfigurationReference = 33B281E4D2229AB9C81F57EF /* Pods-CRMobileChallengeTests.release.xcconfig */;
			buildSettings = {
				ALWAYS_EMBED_SWIFT_STANDARD_LIBRARIES = YES;
				BUNDLE_LOADER = "$(TEST_HOST)";
				CODE_SIGN_STYLE = Automatic;
				DEVELOPMENT_TEAM = MM4N959BB5;
				INFOPLIST_FILE = CRMobileChallengeTests/Info.plist;
				LD_RUNPATH_SEARCH_PATHS = (
					"$(inherited)",
					"@executable_path/Frameworks",
					"@loader_path/Frameworks",
				);
				PRODUCT_BUNDLE_IDENTIFIER = adriano.challenge.CRMobileChallengeTests;
				PRODUCT_NAME = "$(TARGET_NAME)";
				SWIFT_VERSION = 4.2;
				TARGETED_DEVICE_FAMILY = "1,2";
				TEST_HOST = "$(BUILT_PRODUCTS_DIR)/CRMobileChallenge.app/CRMobileChallenge";
			};
			name = Release;
		};
		E1F226CF2215760200BEA577 /* Debug */ = {
			isa = XCBuildConfiguration;
			baseConfigurationReference = 0769B12FF9FF3644F2FFB431 /* Pods-Domain.debug.xcconfig */;
			buildSettings = {
				CLANG_ENABLE_MODULES = YES;
				CODE_SIGN_IDENTITY = "";
				CODE_SIGN_STYLE = Automatic;
				CURRENT_PROJECT_VERSION = 1;
				DEFINES_MODULE = YES;
				DEVELOPMENT_TEAM = MM4N959BB5;
				DYLIB_COMPATIBILITY_VERSION = 1;
				DYLIB_CURRENT_VERSION = 1;
				DYLIB_INSTALL_NAME_BASE = "@rpath";
				INFOPLIST_FILE = Domain/Info.plist;
				INSTALL_PATH = "$(LOCAL_LIBRARY_DIR)/Frameworks";
				IPHONEOS_DEPLOYMENT_TARGET = 10.3;
				LD_RUNPATH_SEARCH_PATHS = (
					"$(inherited)",
					"@executable_path/Frameworks",
					"@loader_path/Frameworks",
				);
				PRODUCT_BUNDLE_IDENTIFIER = adriano.challenge.Domain;
				PRODUCT_NAME = "$(TARGET_NAME:c99extidentifier)";
				SKIP_INSTALL = YES;
				SWIFT_OPTIMIZATION_LEVEL = "-Onone";
				SWIFT_VERSION = 4.2;
				TARGETED_DEVICE_FAMILY = "1,2";
				VERSIONING_SYSTEM = "apple-generic";
				VERSION_INFO_PREFIX = "";
			};
			name = Debug;
		};
		E1F226D02215760200BEA577 /* Release */ = {
			isa = XCBuildConfiguration;
			baseConfigurationReference = 555E8167B34A8B39590CACC3 /* Pods-Domain.release.xcconfig */;
			buildSettings = {
				CLANG_ENABLE_MODULES = YES;
				CODE_SIGN_IDENTITY = "";
				CODE_SIGN_STYLE = Automatic;
				CURRENT_PROJECT_VERSION = 1;
				DEFINES_MODULE = YES;
				DEVELOPMENT_TEAM = MM4N959BB5;
				DYLIB_COMPATIBILITY_VERSION = 1;
				DYLIB_CURRENT_VERSION = 1;
				DYLIB_INSTALL_NAME_BASE = "@rpath";
				INFOPLIST_FILE = Domain/Info.plist;
				INSTALL_PATH = "$(LOCAL_LIBRARY_DIR)/Frameworks";
				IPHONEOS_DEPLOYMENT_TARGET = 10.3;
				LD_RUNPATH_SEARCH_PATHS = (
					"$(inherited)",
					"@executable_path/Frameworks",
					"@loader_path/Frameworks",
				);
				PRODUCT_BUNDLE_IDENTIFIER = adriano.challenge.Domain;
				PRODUCT_NAME = "$(TARGET_NAME:c99extidentifier)";
				SKIP_INSTALL = YES;
				SWIFT_VERSION = 4.2;
				TARGETED_DEVICE_FAMILY = "1,2";
				VERSIONING_SYSTEM = "apple-generic";
				VERSION_INFO_PREFIX = "";
			};
			name = Release;
		};
		E1F226D12215760200BEA577 /* Debug */ = {
			isa = XCBuildConfiguration;
			baseConfigurationReference = BDA9AC1879D1C428D1894B0C /* Pods-DomainTests.debug.xcconfig */;
			buildSettings = {
				ALWAYS_EMBED_SWIFT_STANDARD_LIBRARIES = YES;
				CODE_SIGN_STYLE = Automatic;
				DEVELOPMENT_TEAM = MM4N959BB5;
				INFOPLIST_FILE = DomainTests/Info.plist;
				LD_RUNPATH_SEARCH_PATHS = (
					"$(inherited)",
					"@executable_path/Frameworks",
					"@loader_path/Frameworks",
				);
				PRODUCT_BUNDLE_IDENTIFIER = adriano.challenge.DomainTests;
				PRODUCT_NAME = "$(TARGET_NAME)";
				SWIFT_VERSION = 4.2;
				TARGETED_DEVICE_FAMILY = "1,2";
				TEST_HOST = "$(BUILT_PRODUCTS_DIR)/CRMobileChallenge.app/CRMobileChallenge";
			};
			name = Debug;
		};
		E1F226D22215760200BEA577 /* Release */ = {
			isa = XCBuildConfiguration;
			baseConfigurationReference = 46677AE514E9D6564B067903 /* Pods-DomainTests.release.xcconfig */;
			buildSettings = {
				ALWAYS_EMBED_SWIFT_STANDARD_LIBRARIES = YES;
				CODE_SIGN_STYLE = Automatic;
				DEVELOPMENT_TEAM = MM4N959BB5;
				INFOPLIST_FILE = DomainTests/Info.plist;
				LD_RUNPATH_SEARCH_PATHS = (
					"$(inherited)",
					"@executable_path/Frameworks",
					"@loader_path/Frameworks",
				);
				PRODUCT_BUNDLE_IDENTIFIER = adriano.challenge.DomainTests;
				PRODUCT_NAME = "$(TARGET_NAME)";
				SWIFT_VERSION = 4.2;
				TARGETED_DEVICE_FAMILY = "1,2";
				TEST_HOST = "$(BUILT_PRODUCTS_DIR)/CRMobileChallenge.app/CRMobileChallenge";
			};
			name = Release;
		};
		E1F226F22215760A00BEA577 /* Debug */ = {
			isa = XCBuildConfiguration;
			baseConfigurationReference = F0EDCBC018B94C40C1EC64BB /* Pods-Shared.debug.xcconfig */;
			buildSettings = {
				CLANG_ENABLE_MODULES = YES;
				CODE_SIGN_IDENTITY = "";
				CODE_SIGN_STYLE = Automatic;
				CURRENT_PROJECT_VERSION = 1;
				DEFINES_MODULE = YES;
				DEVELOPMENT_TEAM = MM4N959BB5;
				DYLIB_COMPATIBILITY_VERSION = 1;
				DYLIB_CURRENT_VERSION = 1;
				DYLIB_INSTALL_NAME_BASE = "@rpath";
				INFOPLIST_FILE = Shared/Info.plist;
				INSTALL_PATH = "$(LOCAL_LIBRARY_DIR)/Frameworks";
				IPHONEOS_DEPLOYMENT_TARGET = 10.3;
				LD_RUNPATH_SEARCH_PATHS = (
					"$(inherited)",
					"@executable_path/Frameworks",
					"@loader_path/Frameworks",
				);
				PRODUCT_BUNDLE_IDENTIFIER = adriano.challenge.Shared;
				PRODUCT_NAME = "$(TARGET_NAME:c99extidentifier)";
				SKIP_INSTALL = YES;
				SWIFT_OPTIMIZATION_LEVEL = "-Onone";
				SWIFT_VERSION = 4.2;
				TARGETED_DEVICE_FAMILY = "1,2";
				VERSIONING_SYSTEM = "apple-generic";
				VERSION_INFO_PREFIX = "";
			};
			name = Debug;
		};
		E1F226F32215760A00BEA577 /* Release */ = {
			isa = XCBuildConfiguration;
			baseConfigurationReference = 823BC4ADA926A5CD2DB55B14 /* Pods-Shared.release.xcconfig */;
			buildSettings = {
				CLANG_ENABLE_MODULES = YES;
				CODE_SIGN_IDENTITY = "";
				CODE_SIGN_STYLE = Automatic;
				CURRENT_PROJECT_VERSION = 1;
				DEFINES_MODULE = YES;
				DEVELOPMENT_TEAM = MM4N959BB5;
				DYLIB_COMPATIBILITY_VERSION = 1;
				DYLIB_CURRENT_VERSION = 1;
				DYLIB_INSTALL_NAME_BASE = "@rpath";
				INFOPLIST_FILE = Shared/Info.plist;
				INSTALL_PATH = "$(LOCAL_LIBRARY_DIR)/Frameworks";
				IPHONEOS_DEPLOYMENT_TARGET = 10.3;
				LD_RUNPATH_SEARCH_PATHS = (
					"$(inherited)",
					"@executable_path/Frameworks",
					"@loader_path/Frameworks",
				);
				PRODUCT_BUNDLE_IDENTIFIER = adriano.challenge.Shared;
				PRODUCT_NAME = "$(TARGET_NAME:c99extidentifier)";
				SKIP_INSTALL = YES;
				SWIFT_VERSION = 4.2;
				TARGETED_DEVICE_FAMILY = "1,2";
				VERSIONING_SYSTEM = "apple-generic";
				VERSION_INFO_PREFIX = "";
			};
			name = Release;
		};
		E1F226F52215760A00BEA577 /* Debug */ = {
			isa = XCBuildConfiguration;
			baseConfigurationReference = 1378105FFAEC2AC09AF70F58 /* Pods-SharedTests.debug.xcconfig */;
			buildSettings = {
				ALWAYS_EMBED_SWIFT_STANDARD_LIBRARIES = YES;
				CODE_SIGN_STYLE = Automatic;
				DEVELOPMENT_TEAM = MM4N959BB5;
				INFOPLIST_FILE = SharedTests/Info.plist;
				LD_RUNPATH_SEARCH_PATHS = (
					"$(inherited)",
					"@executable_path/Frameworks",
					"@loader_path/Frameworks",
				);
				PRODUCT_BUNDLE_IDENTIFIER = adriano.challenge.SharedTests;
				PRODUCT_NAME = "$(TARGET_NAME)";
				SWIFT_VERSION = 4.2;
				TARGETED_DEVICE_FAMILY = "1,2";
				TEST_HOST = "$(BUILT_PRODUCTS_DIR)/CRMobileChallenge.app/CRMobileChallenge";
			};
			name = Debug;
		};
		E1F226F62215760A00BEA577 /* Release */ = {
			isa = XCBuildConfiguration;
			baseConfigurationReference = C4D562462314439B70861642 /* Pods-SharedTests.release.xcconfig */;
			buildSettings = {
				ALWAYS_EMBED_SWIFT_STANDARD_LIBRARIES = YES;
				CODE_SIGN_STYLE = Automatic;
				DEVELOPMENT_TEAM = MM4N959BB5;
				INFOPLIST_FILE = SharedTests/Info.plist;
				LD_RUNPATH_SEARCH_PATHS = (
					"$(inherited)",
					"@executable_path/Frameworks",
					"@loader_path/Frameworks",
				);
				PRODUCT_BUNDLE_IDENTIFIER = adriano.challenge.SharedTests;
				PRODUCT_NAME = "$(TARGET_NAME)";
				SWIFT_VERSION = 4.2;
				TARGETED_DEVICE_FAMILY = "1,2";
				TEST_HOST = "$(BUILT_PRODUCTS_DIR)/CRMobileChallenge.app/CRMobileChallenge";
			};
			name = Release;
		};
/* End XCBuildConfiguration section */

/* Begin XCConfigurationList section */
		E1F226462215745800BEA577 /* Build configuration list for PBXProject "CRMobileChallenge" */ = {
			isa = XCConfigurationList;
			buildConfigurations = (
				E1F226662215745A00BEA577 /* Debug */,
				E1F226672215745A00BEA577 /* Release */,
			);
			defaultConfigurationIsVisible = 0;
			defaultConfigurationName = Release;
		};
		E1F226682215745A00BEA577 /* Build configuration list for PBXNativeTarget "CRMobileChallenge" */ = {
			isa = XCConfigurationList;
			buildConfigurations = (
				E1F226692215745A00BEA577 /* Debug */,
				E1F2266A2215745A00BEA577 /* Release */,
			);
			defaultConfigurationIsVisible = 0;
			defaultConfigurationName = Release;
		};
		E1F2266B2215745A00BEA577 /* Build configuration list for PBXNativeTarget "CRMobileChallengeTests" */ = {
			isa = XCConfigurationList;
			buildConfigurations = (
				E1F2266C2215745A00BEA577 /* Debug */,
				E1F2266D2215745A00BEA577 /* Release */,
			);
			defaultConfigurationIsVisible = 0;
			defaultConfigurationName = Release;
		};
		E1F226D32215760200BEA577 /* Build configuration list for PBXNativeTarget "Domain" */ = {
			isa = XCConfigurationList;
			buildConfigurations = (
				E1F226CF2215760200BEA577 /* Debug */,
				E1F226D02215760200BEA577 /* Release */,
			);
			defaultConfigurationIsVisible = 0;
			defaultConfigurationName = Release;
		};
		E1F226D42215760200BEA577 /* Build configuration list for PBXNativeTarget "DomainTests" */ = {
			isa = XCConfigurationList;
			buildConfigurations = (
				E1F226D12215760200BEA577 /* Debug */,
				E1F226D22215760200BEA577 /* Release */,
			);
			defaultConfigurationIsVisible = 0;
			defaultConfigurationName = Release;
		};
		E1F226F12215760A00BEA577 /* Build configuration list for PBXNativeTarget "Shared" */ = {
			isa = XCConfigurationList;
			buildConfigurations = (
				E1F226F22215760A00BEA577 /* Debug */,
				E1F226F32215760A00BEA577 /* Release */,
			);
			defaultConfigurationIsVisible = 0;
			defaultConfigurationName = Release;
		};
		E1F226F42215760A00BEA577 /* Build configuration list for PBXNativeTarget "SharedTests" */ = {
			isa = XCConfigurationList;
			buildConfigurations = (
				E1F226F52215760A00BEA577 /* Debug */,
				E1F226F62215760A00BEA577 /* Release */,
			);
			defaultConfigurationIsVisible = 0;
			defaultConfigurationName = Release;
		};
/* End XCConfigurationList section */
	};
	rootObject = E1F226432215745800BEA577 /* Project object */;
}
