// !$*UTF8*$!
{
	archiveVersion = 1;
	classes = {
	};
	objectVersion = 50;
	objects = {

/* Begin PBXBuildFile section */
		26F8C831E040A79000995AAD /* Pods_MobileChallenge.framework in Frameworks */ = {isa = PBXBuildFile; fileRef = 5B58444D78377570BC1F2724 /* Pods_MobileChallenge.framework */; };
		47CCFB3622A748FA0024D50E /* StoreService+Constants.swift in Sources */ = {isa = PBXBuildFile; fileRef = 47CCFB3522A748FA0024D50E /* StoreService+Constants.swift */; };
		47F19C3F22A8AF6B005A4DEC /* Item.swift in Sources */ = {isa = PBXBuildFile; fileRef = 47F19C3E22A8AF6B005A4DEC /* Item.swift */; };
		47F19C4122A8B16E005A4DEC /* ShoppingCart.swift in Sources */ = {isa = PBXBuildFile; fileRef = 47F19C4022A8B16E005A4DEC /* ShoppingCart.swift */; };
		47F19C6122A9E48E005A4DEC /* ShoppingCartTests.swift in Sources */ = {isa = PBXBuildFile; fileRef = 47F19C6022A9E48E005A4DEC /* ShoppingCartTests.swift */; };
		47F19C6422AA0FAE005A4DEC /* GamesCollectionViewController.swift in Sources */ = {isa = PBXBuildFile; fileRef = 47F19C6322AA0FAE005A4DEC /* GamesCollectionViewController.swift */; };
		47F9D61222A605100069FECA /* AppDelegate.swift in Sources */ = {isa = PBXBuildFile; fileRef = 47F9D61122A605100069FECA /* AppDelegate.swift */; };
		47F9D61722A605100069FECA /* Main.storyboard in Resources */ = {isa = PBXBuildFile; fileRef = 47F9D61522A605100069FECA /* Main.storyboard */; };
		47F9D61C22A605160069FECA /* Assets.xcassets in Resources */ = {isa = PBXBuildFile; fileRef = 47F9D61B22A605160069FECA /* Assets.xcassets */; };
		47F9D61F22A605170069FECA /* LaunchScreen.storyboard in Resources */ = {isa = PBXBuildFile; fileRef = 47F9D61D22A605160069FECA /* LaunchScreen.storyboard */; };
		47F9D63C22A608300069FECA /* APIClient.swift in Sources */ = {isa = PBXBuildFile; fileRef = 47F9D63A22A608300069FECA /* APIClient.swift */; };
		47F9D63D22A608300069FECA /* APIClientProtocol.swift in Sources */ = {isa = PBXBuildFile; fileRef = 47F9D63B22A608300069FECA /* APIClientProtocol.swift */; };
		47F9D64022A608F10069FECA /* StoreServiceProtocol.swift in Sources */ = {isa = PBXBuildFile; fileRef = 47F9D63F22A608F10069FECA /* StoreServiceProtocol.swift */; };
		47F9D64222A60CF40069FECA /* StoreService.swift in Sources */ = {isa = PBXBuildFile; fileRef = 47F9D64122A60CF40069FECA /* StoreService.swift */; };
		929F756EBAABB4164126A79B /* Pods_MobileChallengeTests.framework in Frameworks */ = {isa = PBXBuildFile; fileRef = 41AA1CF37D3CD6D25DF2A255 /* Pods_MobileChallengeTests.framework */; };
/* End PBXBuildFile section */

/* Begin PBXContainerItemProxy section */
		47F9D62622A605170069FECA /* PBXContainerItemProxy */ = {
			isa = PBXContainerItemProxy;
			containerPortal = 47F9D60622A605100069FECA /* Project object */;
			proxyType = 1;
			remoteGlobalIDString = 47F9D60D22A605100069FECA;
			remoteInfo = MobileChallenge;
		};
/* End PBXContainerItemProxy section */

/* Begin PBXFileReference section */
		156B7C42F5A70A3BFEA7BCBF /* Pods-MobileChallengeTests.release.xcconfig */ = {isa = PBXFileReference; includeInIndex = 1; lastKnownFileType = text.xcconfig; name = "Pods-MobileChallengeTests.release.xcconfig"; path = "Target Support Files/Pods-MobileChallengeTests/Pods-MobileChallengeTests.release.xcconfig"; sourceTree = "<group>"; };
		161A8825A705F577EFBE760C /* Pods-MobileChallenge.debug.xcconfig */ = {isa = PBXFileReference; includeInIndex = 1; lastKnownFileType = text.xcconfig; name = "Pods-MobileChallenge.debug.xcconfig"; path = "Target Support Files/Pods-MobileChallenge/Pods-MobileChallenge.debug.xcconfig"; sourceTree = "<group>"; };
		41AA1CF37D3CD6D25DF2A255 /* Pods_MobileChallengeTests.framework */ = {isa = PBXFileReference; explicitFileType = wrapper.framework; includeInIndex = 0; path = Pods_MobileChallengeTests.framework; sourceTree = BUILT_PRODUCTS_DIR; };
		47CCFB3522A748FA0024D50E /* StoreService+Constants.swift */ = {isa = PBXFileReference; lastKnownFileType = sourcecode.swift; path = "StoreService+Constants.swift"; sourceTree = "<group>"; };
		47F19C3E22A8AF6B005A4DEC /* Item.swift */ = {isa = PBXFileReference; lastKnownFileType = sourcecode.swift; path = Item.swift; sourceTree = "<group>"; };
		47F19C4022A8B16E005A4DEC /* ShoppingCart.swift */ = {isa = PBXFileReference; lastKnownFileType = sourcecode.swift; path = ShoppingCart.swift; sourceTree = "<group>"; };
		47F19C5F22A9E48D005A4DEC /* MobileChallengeTests-Bridging-Header.h */ = {isa = PBXFileReference; lastKnownFileType = sourcecode.c.h; path = "MobileChallengeTests-Bridging-Header.h"; sourceTree = "<group>"; };
		47F19C6022A9E48E005A4DEC /* ShoppingCartTests.swift */ = {isa = PBXFileReference; lastKnownFileType = sourcecode.swift; path = ShoppingCartTests.swift; sourceTree = "<group>"; };
		47F19C6322AA0FAE005A4DEC /* GamesCollectionViewController.swift */ = {isa = PBXFileReference; lastKnownFileType = sourcecode.swift; path = GamesCollectionViewController.swift; sourceTree = "<group>"; };
		47F9D60E22A605100069FECA /* MobileChallenge.app */ = {isa = PBXFileReference; explicitFileType = wrapper.application; includeInIndex = 0; path = MobileChallenge.app; sourceTree = BUILT_PRODUCTS_DIR; };
		47F9D61122A605100069FECA /* AppDelegate.swift */ = {isa = PBXFileReference; lastKnownFileType = sourcecode.swift; path = AppDelegate.swift; sourceTree = "<group>"; };
		47F9D61622A605100069FECA /* Base */ = {isa = PBXFileReference; lastKnownFileType = file.storyboard; name = Base; path = Base.lproj/Main.storyboard; sourceTree = "<group>"; };
		47F9D61B22A605160069FECA /* Assets.xcassets */ = {isa = PBXFileReference; lastKnownFileType = folder.assetcatalog; path = Assets.xcassets; sourceTree = "<group>"; };
		47F9D61E22A605160069FECA /* Base */ = {isa = PBXFileReference; lastKnownFileType = file.storyboard; name = Base; path = Base.lproj/LaunchScreen.storyboard; sourceTree = "<group>"; };
		47F9D62022A605170069FECA /* Info.plist */ = {isa = PBXFileReference; lastKnownFileType = text.plist.xml; path = Info.plist; sourceTree = "<group>"; };
		47F9D62522A605170069FECA /* MobileChallengeTests.xctest */ = {isa = PBXFileReference; explicitFileType = wrapper.cfbundle; includeInIndex = 0; path = MobileChallengeTests.xctest; sourceTree = BUILT_PRODUCTS_DIR; };
		47F9D62B22A605170069FECA /* Info.plist */ = {isa = PBXFileReference; lastKnownFileType = text.plist.xml; path = Info.plist; sourceTree = "<group>"; };
		47F9D63A22A608300069FECA /* APIClient.swift */ = {isa = PBXFileReference; fileEncoding = 4; lastKnownFileType = sourcecode.swift; path = APIClient.swift; sourceTree = "<group>"; };
		47F9D63B22A608300069FECA /* APIClientProtocol.swift */ = {isa = PBXFileReference; fileEncoding = 4; lastKnownFileType = sourcecode.swift; path = APIClientProtocol.swift; sourceTree = "<group>"; };
		47F9D63F22A608F10069FECA /* StoreServiceProtocol.swift */ = {isa = PBXFileReference; lastKnownFileType = sourcecode.swift; path = StoreServiceProtocol.swift; sourceTree = "<group>"; };
		47F9D64122A60CF40069FECA /* StoreService.swift */ = {isa = PBXFileReference; lastKnownFileType = sourcecode.swift; path = StoreService.swift; sourceTree = "<group>"; };
		4A1D0F69EA6CB22E14143DE5 /* Pods-MobileChallenge.release.xcconfig */ = {isa = PBXFileReference; includeInIndex = 1; lastKnownFileType = text.xcconfig; name = "Pods-MobileChallenge.release.xcconfig"; path = "Target Support Files/Pods-MobileChallenge/Pods-MobileChallenge.release.xcconfig"; sourceTree = "<group>"; };
		5B58444D78377570BC1F2724 /* Pods_MobileChallenge.framework */ = {isa = PBXFileReference; explicitFileType = wrapper.framework; includeInIndex = 0; path = Pods_MobileChallenge.framework; sourceTree = BUILT_PRODUCTS_DIR; };
		A71575E735E97A811A906388 /* Pods-MobileChallengeTests.debug.xcconfig */ = {isa = PBXFileReference; includeInIndex = 1; lastKnownFileType = text.xcconfig; name = "Pods-MobileChallengeTests.debug.xcconfig"; path = "Target Support Files/Pods-MobileChallengeTests/Pods-MobileChallengeTests.debug.xcconfig"; sourceTree = "<group>"; };
/* End PBXFileReference section */

/* Begin PBXFrameworksBuildPhase section */
		47F9D60B22A605100069FECA /* Frameworks */ = {
			isa = PBXFrameworksBuildPhase;
			buildActionMask = 2147483647;
			files = (
				26F8C831E040A79000995AAD /* Pods_MobileChallenge.framework in Frameworks */,
			);
			runOnlyForDeploymentPostprocessing = 0;
		};
		47F9D62222A605170069FECA /* Frameworks */ = {
			isa = PBXFrameworksBuildPhase;
			buildActionMask = 2147483647;
			files = (
				929F756EBAABB4164126A79B /* Pods_MobileChallengeTests.framework in Frameworks */,
			);
			runOnlyForDeploymentPostprocessing = 0;
		};
/* End PBXFrameworksBuildPhase section */

/* Begin PBXGroup section */
		47F19C6222AA0F89005A4DEC /* Games */ = {
			isa = PBXGroup;
			children = (
				47F19C6322AA0FAE005A4DEC /* GamesCollectionViewController.swift */,
			);
			path = Games;
			sourceTree = "<group>";
		};
		47F9D60522A605100069FECA = {
			isa = PBXGroup;
			children = (
				47F9D61022A605100069FECA /* MobileChallenge */,
				47F9D62822A605170069FECA /* MobileChallengeTests */,
				47F9D60F22A605100069FECA /* Products */,
				AB673446168EDF9A60A0A3BE /* Pods */,
				8BD9147AF4D8448EAEA5541E /* Frameworks */,
			);
			sourceTree = "<group>";
		};
		47F9D60F22A605100069FECA /* Products */ = {
			isa = PBXGroup;
			children = (
				47F9D60E22A605100069FECA /* MobileChallenge.app */,
				47F9D62522A605170069FECA /* MobileChallengeTests.xctest */,
			);
			name = Products;
			sourceTree = "<group>";
		};
		47F9D61022A605100069FECA /* MobileChallenge */ = {
			isa = PBXGroup;
			children = (
				47F9D63722A605740069FECA /* Model */,
				47F9D63622A6056D0069FECA /* Views */,
				47F9D63522A605670069FECA /* Controllers */,
				47F9D63822A605970069FECA /* Services */,
				47F9D63422A605310069FECA /* Supporting Files */,
				47F9D62022A605170069FECA /* Info.plist */,
			);
			path = MobileChallenge;
			sourceTree = "<group>";
		};
		47F9D62822A605170069FECA /* MobileChallengeTests */ = {
			isa = PBXGroup;
			children = (
				47F9D62B22A605170069FECA /* Info.plist */,
				47F19C6022A9E48E005A4DEC /* ShoppingCartTests.swift */,
				47F19C5F22A9E48D005A4DEC /* MobileChallengeTests-Bridging-Header.h */,
			);
			path = MobileChallengeTests;
			sourceTree = "<group>";
		};
		47F9D63422A605310069FECA /* Supporting Files */ = {
			isa = PBXGroup;
			children = (
				47F9D61122A605100069FECA /* AppDelegate.swift */,
				47F9D61D22A605160069FECA /* LaunchScreen.storyboard */,
				47F9D61B22A605160069FECA /* Assets.xcassets */,
			);
			path = "Supporting Files";
			sourceTree = "<group>";
		};
		47F9D63522A605670069FECA /* Controllers */ = {
			isa = PBXGroup;
			children = (
				47F9D61522A605100069FECA /* Main.storyboard */,
				47F19C6222AA0F89005A4DEC /* Games */,
			);
			path = Controllers;
			sourceTree = "<group>";
		};
		47F9D63622A6056D0069FECA /* Views */ = {
			isa = PBXGroup;
			children = (
			);
			path = Views;
			sourceTree = "<group>";
		};
		47F9D63722A605740069FECA /* Model */ = {
			isa = PBXGroup;
			children = (
				47F19C3E22A8AF6B005A4DEC /* Item.swift */,
				47F19C4022A8B16E005A4DEC /* ShoppingCart.swift */,
			);
			path = Model;
			sourceTree = "<group>";
		};
		47F9D63822A605970069FECA /* Services */ = {
			isa = PBXGroup;
			children = (
				47F9D63922A607F90069FECA /* APIClient */,
				47F9D63E22A608C20069FECA /* StoreService */,
			);
			path = Services;
			sourceTree = "<group>";
		};
		47F9D63922A607F90069FECA /* APIClient */ = {
			isa = PBXGroup;
			children = (
				47F9D63A22A608300069FECA /* APIClient.swift */,
				47F9D63B22A608300069FECA /* APIClientProtocol.swift */,
			);
			path = APIClient;
			sourceTree = "<group>";
		};
		47F9D63E22A608C20069FECA /* StoreService */ = {
			isa = PBXGroup;
			children = (
				47F9D63F22A608F10069FECA /* StoreServiceProtocol.swift */,
				47F9D64122A60CF40069FECA /* StoreService.swift */,
				47CCFB3522A748FA0024D50E /* StoreService+Constants.swift */,
			);
			path = StoreService;
			sourceTree = "<group>";
		};
		8BD9147AF4D8448EAEA5541E /* Frameworks */ = {
			isa = PBXGroup;
			children = (
				5B58444D78377570BC1F2724 /* Pods_MobileChallenge.framework */,
				41AA1CF37D3CD6D25DF2A255 /* Pods_MobileChallengeTests.framework */,
			);
			name = Frameworks;
			sourceTree = "<group>";
		};
		AB673446168EDF9A60A0A3BE /* Pods */ = {
			isa = PBXGroup;
			children = (
				161A8825A705F577EFBE760C /* Pods-MobileChallenge.debug.xcconfig */,
				4A1D0F69EA6CB22E14143DE5 /* Pods-MobileChallenge.release.xcconfig */,
				A71575E735E97A811A906388 /* Pods-MobileChallengeTests.debug.xcconfig */,
				156B7C42F5A70A3BFEA7BCBF /* Pods-MobileChallengeTests.release.xcconfig */,
			);
			path = Pods;
			sourceTree = "<group>";
		};
/* End PBXGroup section */

/* Begin PBXNativeTarget section */
		47F9D60D22A605100069FECA /* MobileChallenge */ = {
			isa = PBXNativeTarget;
			buildConfigurationList = 47F9D62E22A605170069FECA /* Build configuration list for PBXNativeTarget "MobileChallenge" */;
			buildPhases = (
				D0CD2AF73C19493303C32F4E /* [CP] Check Pods Manifest.lock */,
				47F9D60A22A605100069FECA /* Sources */,
				47F9D60B22A605100069FECA /* Frameworks */,
				47F9D60C22A605100069FECA /* Resources */,
				47CCFB6222A8A8E50024D50E /* ShellScript */,
			);
			buildRules = (
			);
			dependencies = (
			);
			name = MobileChallenge;
			productName = MobileChallenge;
			productReference = 47F9D60E22A605100069FECA /* MobileChallenge.app */;
			productType = "com.apple.product-type.application";
		};
		47F9D62422A605170069FECA /* MobileChallengeTests */ = {
			isa = PBXNativeTarget;
			buildConfigurationList = 47F9D63122A605170069FECA /* Build configuration list for PBXNativeTarget "MobileChallengeTests" */;
			buildPhases = (
				0B2C9538FB7C62B8CA175697 /* [CP] Check Pods Manifest.lock */,
				47F9D62122A605170069FECA /* Sources */,
				47F9D62222A605170069FECA /* Frameworks */,
				47F9D62322A605170069FECA /* Resources */,
			);
			buildRules = (
			);
			dependencies = (
				47F9D62722A605170069FECA /* PBXTargetDependency */,
			);
			name = MobileChallengeTests;
			productName = MobileChallengeTests;
			productReference = 47F9D62522A605170069FECA /* MobileChallengeTests.xctest */;
			productType = "com.apple.product-type.bundle.unit-test";
		};
/* End PBXNativeTarget section */

/* Begin PBXProject section */
		47F9D60622A605100069FECA /* Project object */ = {
			isa = PBXProject;
			attributes = {
				LastSwiftUpdateCheck = 1010;
				LastUpgradeCheck = 1010;
				ORGANIZATIONNAME = "Tiago Maia Lopes";
				TargetAttributes = {
					47F9D60D22A605100069FECA = {
						CreatedOnToolsVersion = 10.1;
					};
					47F9D62422A605170069FECA = {
						CreatedOnToolsVersion = 10.1;
						LastSwiftMigration = 1010;
						TestTargetID = 47F9D60D22A605100069FECA;
					};
				};
			};
			buildConfigurationList = 47F9D60922A605100069FECA /* Build configuration list for PBXProject "MobileChallenge" */;
			compatibilityVersion = "Xcode 9.3";
			developmentRegion = en;
			hasScannedForEncodings = 0;
			knownRegions = (
				en,
				Base,
			);
			mainGroup = 47F9D60522A605100069FECA;
			productRefGroup = 47F9D60F22A605100069FECA /* Products */;
			projectDirPath = "";
			projectRoot = "";
			targets = (
				47F9D60D22A605100069FECA /* MobileChallenge */,
				47F9D62422A605170069FECA /* MobileChallengeTests */,
			);
		};
/* End PBXProject section */

/* Begin PBXResourcesBuildPhase section */
		47F9D60C22A605100069FECA /* Resources */ = {
			isa = PBXResourcesBuildPhase;
			buildActionMask = 2147483647;
			files = (
				47F9D61F22A605170069FECA /* LaunchScreen.storyboard in Resources */,
				47F9D61C22A605160069FECA /* Assets.xcassets in Resources */,
				47F9D61722A605100069FECA /* Main.storyboard in Resources */,
			);
			runOnlyForDeploymentPostprocessing = 0;
		};
		47F9D62322A605170069FECA /* Resources */ = {
			isa = PBXResourcesBuildPhase;
			buildActionMask = 2147483647;
			files = (
			);
			runOnlyForDeploymentPostprocessing = 0;
		};
/* End PBXResourcesBuildPhase section */

/* Begin PBXShellScriptBuildPhase section */
		0B2C9538FB7C62B8CA175697 /* [CP] Check Pods Manifest.lock */ = {
			isa = PBXShellScriptBuildPhase;
			buildActionMask = 2147483647;
			files = (
			);
			inputFileListPaths = (
			);
			inputPaths = (
				"${PODS_PODFILE_DIR_PATH}/Podfile.lock",
				"${PODS_ROOT}/Manifest.lock",
			);
			name = "[CP] Check Pods Manifest.lock";
			outputFileListPaths = (
			);
			outputPaths = (
				"$(DERIVED_FILE_DIR)/Pods-MobileChallengeTests-checkManifestLockResult.txt",
			);
			runOnlyForDeploymentPostprocessing = 0;
			shellPath = /bin/sh;
			shellScript = "diff \"${PODS_PODFILE_DIR_PATH}/Podfile.lock\" \"${PODS_ROOT}/Manifest.lock\" > /dev/null\nif [ $? != 0 ] ; then\n    # print error to STDERR\n    echo \"error: The sandbox is not in sync with the Podfile.lock. Run 'pod install' or update your CocoaPods installation.\" >&2\n    exit 1\nfi\n# This output is used by Xcode 'outputs' to avoid re-running this script phase.\necho \"SUCCESS\" > \"${SCRIPT_OUTPUT_FILE_0}\"\n";
			showEnvVarsInLog = 0;
		};
		47CCFB6222A8A8E50024D50E /* ShellScript */ = {
			isa = PBXShellScriptBuildPhase;
			buildActionMask = 2147483647;
			files = (
			);
			inputFileListPaths = (
			);
			inputPaths = (
			);
			outputFileListPaths = (
			);
			outputPaths = (
			);
			runOnlyForDeploymentPostprocessing = 0;
			shellPath = /bin/sh;
			shellScript = "\"${PODS_ROOT}/SwiftLint/swiftlint\"\n";
		};
		D0CD2AF73C19493303C32F4E /* [CP] Check Pods Manifest.lock */ = {
			isa = PBXShellScriptBuildPhase;
			buildActionMask = 2147483647;
			files = (
			);
			inputFileListPaths = (
			);
			inputPaths = (
				"${PODS_PODFILE_DIR_PATH}/Podfile.lock",
				"${PODS_ROOT}/Manifest.lock",
			);
			name = "[CP] Check Pods Manifest.lock";
			outputFileListPaths = (
			);
			outputPaths = (
				"$(DERIVED_FILE_DIR)/Pods-MobileChallenge-checkManifestLockResult.txt",
			);
			runOnlyForDeploymentPostprocessing = 0;
			shellPath = /bin/sh;
			shellScript = "diff \"${PODS_PODFILE_DIR_PATH}/Podfile.lock\" \"${PODS_ROOT}/Manifest.lock\" > /dev/null\nif [ $? != 0 ] ; then\n    # print error to STDERR\n    echo \"error: The sandbox is not in sync with the Podfile.lock. Run 'pod install' or update your CocoaPods installation.\" >&2\n    exit 1\nfi\n# This output is used by Xcode 'outputs' to avoid re-running this script phase.\necho \"SUCCESS\" > \"${SCRIPT_OUTPUT_FILE_0}\"\n";
			showEnvVarsInLog = 0;
		};
/* End PBXShellScriptBuildPhase section */

/* Begin PBXSourcesBuildPhase section */
		47F9D60A22A605100069FECA /* Sources */ = {
			isa = PBXSourcesBuildPhase;
			buildActionMask = 2147483647;
			files = (
				47F9D61222A605100069FECA /* AppDelegate.swift in Sources */,
				47F9D64022A608F10069FECA /* StoreServiceProtocol.swift in Sources */,
				47F9D63C22A608300069FECA /* APIClient.swift in Sources */,
				47F9D63D22A608300069FECA /* APIClientProtocol.swift in Sources */,
				47F19C3F22A8AF6B005A4DEC /* Item.swift in Sources */,
				47F19C6422AA0FAE005A4DEC /* GamesCollectionViewController.swift in Sources */,
				47F9D64222A60CF40069FECA /* StoreService.swift in Sources */,
				47CCFB3622A748FA0024D50E /* StoreService+Constants.swift in Sources */,
				47F19C4122A8B16E005A4DEC /* ShoppingCart.swift in Sources */,
			);
			runOnlyForDeploymentPostprocessing = 0;
		};
		47F9D62122A605170069FECA /* Sources */ = {
			isa = PBXSourcesBuildPhase;
			buildActionMask = 2147483647;
			files = (
				47F19C6122A9E48E005A4DEC /* ShoppingCartTests.swift in Sources */,
			);
			runOnlyForDeploymentPostprocessing = 0;
		};
/* End PBXSourcesBuildPhase section */

/* Begin PBXTargetDependency section */
		47F9D62722A605170069FECA /* PBXTargetDependency */ = {
			isa = PBXTargetDependency;
			target = 47F9D60D22A605100069FECA /* MobileChallenge */;
			targetProxy = 47F9D62622A605170069FECA /* PBXContainerItemProxy */;
		};
/* End PBXTargetDependency section */

/* Begin PBXVariantGroup section */
		47F9D61522A605100069FECA /* Main.storyboard */ = {
			isa = PBXVariantGroup;
			children = (
				47F9D61622A605100069FECA /* Base */,
			);
			name = Main.storyboard;
			sourceTree = "<group>";
		};
		47F9D61D22A605160069FECA /* LaunchScreen.storyboard */ = {
			isa = PBXVariantGroup;
			children = (
				47F9D61E22A605160069FECA /* Base */,
			);
			name = LaunchScreen.storyboard;
			sourceTree = "<group>";
		};
/* End PBXVariantGroup section */

/* Begin XCBuildConfiguration section */
		47F9D62C22A605170069FECA /* Debug */ = {
			isa = XCBuildConfiguration;
			buildSettings = {
				ALWAYS_SEARCH_USER_PATHS = NO;
				CLANG_ANALYZER_NONNULL = YES;
				CLANG_ANALYZER_NUMBER_OBJECT_CONVERSION = YES_AGGRESSIVE;
				CLANG_CXX_LANGUAGE_STANDARD = "gnu++14";
				CLANG_CXX_LIBRARY = "libc++";
				CLANG_ENABLE_MODULES = YES;
				CLANG_ENABLE_OBJC_ARC = YES;
				CLANG_ENABLE_OBJC_WEAK = YES;
				CLANG_WARN_BLOCK_CAPTURE_AUTORELEASING = YES;
				CLANG_WARN_BOOL_CONVERSION = YES;
				CLANG_WARN_COMMA = YES;
				CLANG_WARN_CONSTANT_CONVERSION = YES;
				CLANG_WARN_DEPRECATED_OBJC_IMPLEMENTATIONS = YES;
				CLANG_WARN_DIRECT_OBJC_ISA_USAGE = YES_ERROR;
				CLANG_WARN_DOCUMENTATION_COMMENTS = YES;
				CLANG_WARN_EMPTY_BODY = YES;
				CLANG_WARN_ENUM_CONVERSION = YES;
				CLANG_WARN_INFINITE_RECURSION = YES;
				CLANG_WARN_INT_CONVERSION = YES;
				CLANG_WARN_NON_LITERAL_NULL_CONVERSION = YES;
				CLANG_WARN_OBJC_IMPLICIT_RETAIN_SELF = YES;
				CLANG_WARN_OBJC_LITERAL_CONVERSION = YES;
				CLANG_WARN_OBJC_ROOT_CLASS = YES_ERROR;
				CLANG_WARN_RANGE_LOOP_ANALYSIS = YES;
				CLANG_WARN_STRICT_PROTOTYPES = YES;
				CLANG_WARN_SUSPICIOUS_MOVE = YES;
				CLANG_WARN_UNGUARDED_AVAILABILITY = YES_AGGRESSIVE;
				CLANG_WARN_UNREACHABLE_CODE = YES;
				CLANG_WARN__DUPLICATE_METHOD_MATCH = YES;
				CODE_SIGN_IDENTITY = "iPhone Developer";
				COPY_PHASE_STRIP = NO;
				DEBUG_INFORMATION_FORMAT = dwarf;
				ENABLE_STRICT_OBJC_MSGSEND = YES;
				ENABLE_TESTABILITY = YES;
				GCC_C_LANGUAGE_STANDARD = gnu11;
				GCC_DYNAMIC_NO_PIC = NO;
				GCC_NO_COMMON_BLOCKS = YES;
				GCC_OPTIMIZATION_LEVEL = 0;
				GCC_PREPROCESSOR_DEFINITIONS = (
					"DEBUG=1",
					"$(inherited)",
				);
				GCC_WARN_64_TO_32_BIT_CONVERSION = YES;
				GCC_WARN_ABOUT_RETURN_TYPE = YES_ERROR;
				GCC_WARN_UNDECLARED_SELECTOR = YES;
				GCC_WARN_UNINITIALIZED_AUTOS = YES_AGGRESSIVE;
				GCC_WARN_UNUSED_FUNCTION = YES;
				GCC_WARN_UNUSED_VARIABLE = YES;
				IPHONEOS_DEPLOYMENT_TARGET = 11.0;
				MTL_ENABLE_DEBUG_INFO = INCLUDE_SOURCE;
				MTL_FAST_MATH = YES;
				ONLY_ACTIVE_ARCH = YES;
				SDKROOT = iphoneos;
				SWIFT_ACTIVE_COMPILATION_CONDITIONS = DEBUG;
				SWIFT_OPTIMIZATION_LEVEL = "-Onone";
			};
			name = Debug;
		};
		47F9D62D22A605170069FECA /* Release */ = {
			isa = XCBuildConfiguration;
			buildSettings = {
				ALWAYS_SEARCH_USER_PATHS = NO;
				CLANG_ANALYZER_NONNULL = YES;
				CLANG_ANALYZER_NUMBER_OBJECT_CONVERSION = YES_AGGRESSIVE;
				CLANG_CXX_LANGUAGE_STANDARD = "gnu++14";
				CLANG_CXX_LIBRARY = "libc++";
				CLANG_ENABLE_MODULES = YES;
				CLANG_ENABLE_OBJC_ARC = YES;
				CLANG_ENABLE_OBJC_WEAK = YES;
				CLANG_WARN_BLOCK_CAPTURE_AUTORELEASING = YES;
				CLANG_WARN_BOOL_CONVERSION = YES;
				CLANG_WARN_COMMA = YES;
				CLANG_WARN_CONSTANT_CONVERSION = YES;
				CLANG_WARN_DEPRECATED_OBJC_IMPLEMENTATIONS = YES;
				CLANG_WARN_DIRECT_OBJC_ISA_USAGE = YES_ERROR;
				CLANG_WARN_DOCUMENTATION_COMMENTS = YES;
				CLANG_WARN_EMPTY_BODY = YES;
				CLANG_WARN_ENUM_CONVERSION = YES;
				CLANG_WARN_INFINITE_RECURSION = YES;
				CLANG_WARN_INT_CONVERSION = YES;
				CLANG_WARN_NON_LITERAL_NULL_CONVERSION = YES;
				CLANG_WARN_OBJC_IMPLICIT_RETAIN_SELF = YES;
				CLANG_WARN_OBJC_LITERAL_CONVERSION = YES;
				CLANG_WARN_OBJC_ROOT_CLASS = YES_ERROR;
				CLANG_WARN_RANGE_LOOP_ANALYSIS = YES;
				CLANG_WARN_STRICT_PROTOTYPES = YES;
				CLANG_WARN_SUSPICIOUS_MOVE = YES;
				CLANG_WARN_UNGUARDED_AVAILABILITY = YES_AGGRESSIVE;
				CLANG_WARN_UNREACHABLE_CODE = YES;
				CLANG_WARN__DUPLICATE_METHOD_MATCH = YES;
				CODE_SIGN_IDENTITY = "iPhone Developer";
				COPY_PHASE_STRIP = NO;
				DEBUG_INFORMATION_FORMAT = "dwarf-with-dsym";
				ENABLE_NS_ASSERTIONS = NO;
				ENABLE_STRICT_OBJC_MSGSEND = YES;
				GCC_C_LANGUAGE_STANDARD = gnu11;
				GCC_NO_COMMON_BLOCKS = YES;
				GCC_WARN_64_TO_32_BIT_CONVERSION = YES;
				GCC_WARN_ABOUT_RETURN_TYPE = YES_ERROR;
				GCC_WARN_UNDECLARED_SELECTOR = YES;
				GCC_WARN_UNINITIALIZED_AUTOS = YES_AGGRESSIVE;
				GCC_WARN_UNUSED_FUNCTION = YES;
				GCC_WARN_UNUSED_VARIABLE = YES;
				IPHONEOS_DEPLOYMENT_TARGET = 11.0;
				MTL_ENABLE_DEBUG_INFO = NO;
				MTL_FAST_MATH = YES;
				SDKROOT = iphoneos;
				SWIFT_COMPILATION_MODE = wholemodule;
				SWIFT_OPTIMIZATION_LEVEL = "-O";
				VALIDATE_PRODUCT = YES;
			};
			name = Release;
		};
		47F9D62F22A605170069FECA /* Debug */ = {
			isa = XCBuildConfiguration;
			baseConfigurationReference = 161A8825A705F577EFBE760C /* Pods-MobileChallenge.debug.xcconfig */;
			buildSettings = {
				ASSETCATALOG_COMPILER_APPICON_NAME = AppIcon;
				CODE_SIGN_STYLE = Automatic;
				DEVELOPMENT_TEAM = 79964U8894;
				INFOPLIST_FILE = MobileChallenge/Info.plist;
				IPHONEOS_DEPLOYMENT_TARGET = 11.0;
				LD_RUNPATH_SEARCH_PATHS = (
					"$(inherited)",
					"@executable_path/Frameworks",
				);
				PRODUCT_BUNDLE_IDENTIFIER = tiago.maia.MobileChallenge;
				PRODUCT_NAME = "$(TARGET_NAME)";
				SWIFT_VERSION = 4.2;
				TARGETED_DEVICE_FAMILY = "1,2";
			};
			name = Debug;
		};
		47F9D63022A605170069FECA /* Release */ = {
			isa = XCBuildConfiguration;
			baseConfigurationReference = 4A1D0F69EA6CB22E14143DE5 /* Pods-MobileChallenge.release.xcconfig */;
			buildSettings = {
				ASSETCATALOG_COMPILER_APPICON_NAME = AppIcon;
				CODE_SIGN_STYLE = Automatic;
				DEVELOPMENT_TEAM = 79964U8894;
				INFOPLIST_FILE = MobileChallenge/Info.plist;
				IPHONEOS_DEPLOYMENT_TARGET = 11.0;
				LD_RUNPATH_SEARCH_PATHS = (
					"$(inherited)",
					"@executable_path/Frameworks",
				);
				PRODUCT_BUNDLE_IDENTIFIER = tiago.maia.MobileChallenge;
				PRODUCT_NAME = "$(TARGET_NAME)";
				SWIFT_VERSION = 4.2;
				TARGETED_DEVICE_FAMILY = "1,2";
			};
			name = Release;
		};
		47F9D63222A605170069FECA /* Debug */ = {
			isa = XCBuildConfiguration;
			baseConfigurationReference = A71575E735E97A811A906388 /* Pods-MobileChallengeTests.debug.xcconfig */;
			buildSettings = {
				ALWAYS_EMBED_SWIFT_STANDARD_LIBRARIES = YES;
				BUNDLE_LOADER = "$(TEST_HOST)";
				CLANG_ENABLE_MODULES = YES;
				CODE_SIGN_STYLE = Automatic;
				DEVELOPMENT_TEAM = 79964U8894;
				INFOPLIST_FILE = MobileChallengeTests/Info.plist;
				LD_RUNPATH_SEARCH_PATHS = (
					"$(inherited)",
					"@executable_path/Frameworks",
					"@loader_path/Frameworks",
				);
				PRODUCT_BUNDLE_IDENTIFIER = tiago.maia.MobileChallengeTests;
				PRODUCT_NAME = "$(TARGET_NAME)";
				SWIFT_OBJC_BRIDGING_HEADER = "MobileChallengeTests/MobileChallengeTests-Bridging-Header.h";
				SWIFT_OPTIMIZATION_LEVEL = "-Onone";
				SWIFT_VERSION = 4.2;
				TARGETED_DEVICE_FAMILY = "1,2";
				TEST_HOST = "$(BUILT_PRODUCTS_DIR)/MobileChallenge.app/MobileChallenge";
			};
			name = Debug;
		};
		47F9D63322A605170069FECA /* Release */ = {
			isa = XCBuildConfiguration;
			baseConfigurationReference = 156B7C42F5A70A3BFEA7BCBF /* Pods-MobileChallengeTests.release.xcconfig */;
			buildSettings = {
				ALWAYS_EMBED_SWIFT_STANDARD_LIBRARIES = YES;
				BUNDLE_LOADER = "$(TEST_HOST)";
				CLANG_ENABLE_MODULES = YES;
				CODE_SIGN_STYLE = Automatic;
				DEVELOPMENT_TEAM = 79964U8894;
				INFOPLIST_FILE = MobileChallengeTests/Info.plist;
				LD_RUNPATH_SEARCH_PATHS = (
					"$(inherited)",
					"@executable_path/Frameworks",
					"@loader_path/Frameworks",
				);
				PRODUCT_BUNDLE_IDENTIFIER = tiago.maia.MobileChallengeTests;
				PRODUCT_NAME = "$(TARGET_NAME)";
				SWIFT_OBJC_BRIDGING_HEADER = "MobileChallengeTests/MobileChallengeTests-Bridging-Header.h";
				SWIFT_VERSION = 4.2;
				TARGETED_DEVICE_FAMILY = "1,2";
				TEST_HOST = "$(BUILT_PRODUCTS_DIR)/MobileChallenge.app/MobileChallenge";
			};
			name = Release;
		};
/* End XCBuildConfiguration section */

/* Begin XCConfigurationList section */
		47F9D60922A605100069FECA /* Build configuration list for PBXProject "MobileChallenge" */ = {
			isa = XCConfigurationList;
			buildConfigurations = (
				47F9D62C22A605170069FECA /* Debug */,
				47F9D62D22A605170069FECA /* Release */,
			);
			defaultConfigurationIsVisible = 0;
			defaultConfigurationName = Release;
		};
		47F9D62E22A605170069FECA /* Build configuration list for PBXNativeTarget "MobileChallenge" */ = {
			isa = XCConfigurationList;
			buildConfigurations = (
				47F9D62F22A605170069FECA /* Debug */,
				47F9D63022A605170069FECA /* Release */,
			);
			defaultConfigurationIsVisible = 0;
			defaultConfigurationName = Release;
		};
		47F9D63122A605170069FECA /* Build configuration list for PBXNativeTarget "MobileChallengeTests" */ = {
			isa = XCConfigurationList;
			buildConfigurations = (
				47F9D63222A605170069FECA /* Debug */,
				47F9D63322A605170069FECA /* Release */,
			);
			defaultConfigurationIsVisible = 0;
			defaultConfigurationName = Release;
		};
/* End XCConfigurationList section */
	};
	rootObject = 47F9D60622A605100069FECA /* Project object */;
}
